// !$*UTF8*$!
{
	archiveVersion = 1;
	classes = {
	};
	objectVersion = 46;
	objects = {

/* Begin PBXBuildFile section */
		0207DA581B56EA530066E2B4 /* Images.xcassets in Resources */ = {isa = PBXBuildFile; fileRef = 0207DA571B56EA530066E2B4 /* Images.xcassets */; };
		074D94DAD35345189BD0AF4E /* PluginPolyline.m in Sources */ = {isa = PBXBuildFile; fileRef = 71112018DFE944B49D338610 /* PluginPolyline.m */; };
		0B0805F819F946859B337FC0 /* PluginStreetViewPanoramaController.m in Sources */ = {isa = PBXBuildFile; fileRef = AC6DB4B57B0F4B599A16680E /* PluginStreetViewPanoramaController.m */; };
		0EDB01806F7E4D4A8B440431 /* IONAssetHandler.m in Sources */ = {isa = PBXBuildFile; fileRef = 568B4B3896E34AE2AD82D616 /* IONAssetHandler.m */; };
		1376D9BD71D4476182D743D2 /* libc++.tbd in Frameworks */ = {isa = PBXBuildFile; fileRef = D7BBABC6D01B4C669BAA0A29 /* libc++.tbd */; };
		13F2C24E813F442EA2C1E40A /* PluginGroundOverlay.m in Sources */ = {isa = PBXBuildFile; fileRef = 311CF88D89394246B6D20706 /* PluginGroundOverlay.m */; };
		16661B76513347F1BF86DE65 /* pgm_Localizable_de.json in Resources */ = {isa = PBXBuildFile; fileRef = C4ACD9AF5CA04B04B6E0D90C /* pgm_Localizable_de.json */; };
		1A40473989F64993A141C34E /* PluginLocationService.m in Sources */ = {isa = PBXBuildFile; fileRef = 7EFC635AC4694121B2B8CB0E /* PluginLocationService.m */; };
		1B497027ADE3411D91EAF591 /* CDVStatusBar.m in Sources */ = {isa = PBXBuildFile; fileRef = 7D123DC2CA9141F68C062619 /* CDVStatusBar.m */; };
		1D3623260D0F684500981E51 /* AppDelegate.m in Sources */ = {isa = PBXBuildFile; fileRef = 1D3623250D0F684500981E51 /* AppDelegate.m */; };
		1D60589B0D05DD56006BFB54 /* main.m in Sources */ = {isa = PBXBuildFile; fileRef = 29B97316FDCFA39411CA2CEA /* main.m */; };
		21EC40CF64B643858EDA37F5 /* GMSCoordinateBounds+Geometry.m in Sources */ = {isa = PBXBuildFile; fileRef = BF57573A4EC14315933DE8E3 /* GMSCoordinateBounds+Geometry.m */; };
		22B14F8CE78F40E4AF02833A /* pgm_Localizable_uk.json in Resources */ = {isa = PBXBuildFile; fileRef = 63FD17B10E4843E4811ECF9B /* pgm_Localizable_uk.json */; };
		2511A5E12E1F4F1089C1DEBD /* pgm_Localizable_fr.json in Resources */ = {isa = PBXBuildFile; fileRef = F1DD83DAA9E34942AFD059AF /* pgm_Localizable_fr.json */; };
		275176CB4C394D22956C0B03 /* PluginMarker.m in Sources */ = {isa = PBXBuildFile; fileRef = CB5783D4E9BD480BAA02DF09 /* PluginMarker.m */; };
		284D5CD881424A47B88D2ACE /* PluginTileProvider.m in Sources */ = {isa = PBXBuildFile; fileRef = 29E8CA9428F040F08CF95F8A /* PluginTileProvider.m */; };
		301BF552109A68D80062928A /* libCordova.a in Frameworks */ = {isa = PBXBuildFile; fileRef = 301BF535109A57CC0062928A /* libCordova.a */; settings = {ATTRIBUTES = (Required, ); }; };
		302D95F114D2391D003F00A1 /* MainViewController.m in Sources */ = {isa = PBXBuildFile; fileRef = 302D95EF14D2391D003F00A1 /* MainViewController.m */; };
		302D95F214D2391D003F00A1 /* MainViewController.xib in Resources */ = {isa = PBXBuildFile; fileRef = 302D95F014D2391D003F00A1 /* MainViewController.xib */; };
		3280C2025FF34008A1C2AADB /* MyPluginLayer.m in Sources */ = {isa = PBXBuildFile; fileRef = D11013D86C0941D4B1F97836 /* MyPluginLayer.m */; };
		32E1D1986E3342DB9F25266A /* PluginPolygon.m in Sources */ = {isa = PBXBuildFile; fileRef = BCD9736F1E5445B4A76AB3D9 /* PluginPolygon.m */; };
		35A3F6DF42A4458D85A8C4C5 /* PluginGeocoder.m in Sources */ = {isa = PBXBuildFile; fileRef = FD1D0AFDF9814289A2F507C7 /* PluginGeocoder.m */; };
		3BF78FD8E857426BBC83DCF9 /* AppDelegate+LineLogin.h in Sources */ = {isa = PBXBuildFile; fileRef = 9EFCE41BFD114BB5A2888D56 /* AppDelegate+LineLogin.h */; };
		4276B7A9D9834205B6CF53FC /* pgm_Localizable_da.json in Resources */ = {isa = PBXBuildFile; fileRef = B4D2AE19D18446368BCFC420 /* pgm_Localizable_da.json */; };
		428571CECB354A929A0CC5F8 /* WebKit.framework in Frameworks */ = {isa = PBXBuildFile; fileRef = A77A1CB11F5446B39586C47E /* WebKit.framework */; settings = {ATTRIBUTES = (Weak, ); }; };
		42BD5B379CF7452BAD79F58E /* sqlite3.c in Sources */ = {isa = PBXBuildFile; fileRef = 3DD08F6DB73C44098A5E89DC /* sqlite3.c */; settings = {COMPILER_FLAGS = "-w -DSQLITE_THREADSAFE=1 -DSQLITE_DEFAULT_SYNCHRONOUS=3 -DSQLITE_DEFAULT_MEMSTATUS=0 -DSQLITE_OMIT_DECLTYPE -DSQLITE_OMIT_DEPRECATED -DSQLITE_OMIT_PROGRESS_CALLBACK -DSQLITE_OMIT_SHARED_CACHE -DSQLITE_TEMP_STORE=2 -DSQLITE_OMIT_LOAD_EXTENSION -DSQLITE_ENABLE_FTS3 -DSQLITE_ENABLE_FTS3_PARENTHESIS -DSQLITE_ENABLE_FTS4 -DSQLITE_ENABLE_RTREE -DSQLITE_DEFAULT_PAGE_SIZE=4096"; }; };
		4450ECB02810483D99E54F11 /* GoogleMaps.framework in Frameworks */ = {isa = PBXBuildFile; fileRef = 4EE4AD82E35549FC8F204FC7 /* GoogleMaps.framework */; };
		47427694BE9D4190BF8D0903 /* pgm_Localizable_vi.json in Resources */ = {isa = PBXBuildFile; fileRef = 1B129B41A50140F18E989B23 /* pgm_Localizable_vi.json */; };
		4F20893DF3B545D8A5276083 /* GoogleMapsBase.framework in Frameworks */ = {isa = PBXBuildFile; fileRef = 5E485595C95A470399942F32 /* GoogleMapsBase.framework */; };
		55DFB4297EC34A5DA27CEC26 /* PluginTileOverlay.m in Sources */ = {isa = PBXBuildFile; fileRef = D5BD545C4B46446FB46F7910 /* PluginTileOverlay.m */; };
		585EF4003300444E8C1DF716 /* PluginKmlOverlay.m in Sources */ = {isa = PBXBuildFile; fileRef = BD83B474EFD5405A92CCC214 /* PluginKmlOverlay.m */; };
		5C51F52DDE5B4204B0211135 /* PluginDirectionsService.m in Sources */ = {isa = PBXBuildFile; fileRef = 6883BDDF6FD448B8A980BA12 /* PluginDirectionsService.m */; };
		5DC34EEE6E2F44899ED59953 /* ImageIO.framework in Frameworks */ = {isa = PBXBuildFile; fileRef = 9DDDE52129154EA7BCC43C87 /* ImageIO.framework */; };
		5E5B6C5B19B441B59B5AF2F3 /* PluginMapViewController.m in Sources */ = {isa = PBXBuildFile; fileRef = 573C24D8A57D4BA78D878151 /* PluginMapViewController.m */; };
		614746ACE9F546A98874FE2C /* CDVSplashScreen.m in Sources */ = {isa = PBXBuildFile; fileRef = 9F7D56B732B8485280847EF8 /* CDVSplashScreen.m */; };
		62AB2CC9310B4D53A829E338 /* pgm_Localizable_nl.json in Resources */ = {isa = PBXBuildFile; fileRef = F32166FA07554EA6B9FC51C8 /* pgm_Localizable_nl.json */; };
		688B8AF65CA644388D864A81 /* CDVViewController+SplashScreen.m in Sources */ = {isa = PBXBuildFile; fileRef = 835A6F35C9B5404A9B108205 /* CDVViewController+SplashScreen.m */; };
		697D9BEC61E14860AD3BF70F /* PluginViewController.m in Sources */ = {isa = PBXBuildFile; fileRef = 8FFF1BBC011E4C7285ACB2D0 /* PluginViewController.m */; };
		6AFF5BF91D6E424B00AB3073 /* CDVLaunchScreen.storyboard in Resources */ = {isa = PBXBuildFile; fileRef = 6AFF5BF81D6E424B00AB3073 /* CDVLaunchScreen.storyboard */; };
		6D1E5B6A34EF409CB1622D16 /* PluginCircle.m in Sources */ = {isa = PBXBuildFile; fileRef = FFFE9DFBB6A847DDABBA677F /* PluginCircle.m */; };
		6E503B79E88447D582925B2F /* GoogleMaps.bundle in Resources */ = {isa = PBXBuildFile; fileRef = F48D66491CA7496592160D29 /* GoogleMaps.bundle */; };
		7A60623ADD1B4856A4447BAA /* PluginMap.m in Sources */ = {isa = PBXBuildFile; fileRef = B6A9D208BEB745349DD6DE43 /* PluginMap.m */; };
		823EF1C756B94AA68BF65C52 /* PluginStreetViewPanorama.m in Sources */ = {isa = PBXBuildFile; fileRef = F122531974FB4074BFC3C2C4 /* PluginStreetViewPanorama.m */; };
		82BF93EE89D14D82B6B55486 /* CoreImage.framework in Frameworks */ = {isa = PBXBuildFile; fileRef = DFB54825249A425C89BC9DFB /* CoreImage.framework */; };
		843FF74067984972AE0FD8F3 /* CDVDevice.m in Sources */ = {isa = PBXBuildFile; fileRef = 6F655EB2C7E6415DBEE53075 /* CDVDevice.m */; };
		86DE57DC609444CFAF94AAC2 /* FacebookConnectPlugin.m in Sources */ = {isa = PBXBuildFile; fileRef = 4DDF733F9346411C9D31509A /* FacebookConnectPlugin.m */; };
		8755576456604516A138E423 /* UIKit.framework in Frameworks */ = {isa = PBXBuildFile; fileRef = 1F33BB2C40A4428B9FCD2CA4 /* UIKit.framework */; };
		8A1BB135C5B442F0BEE7EBB2 /* CDVIonicKeyboard.m in Sources */ = {isa = PBXBuildFile; fileRef = 545606F670B94C81BBEAF3C1 /* CDVIonicKeyboard.m */; };
		8B86565D5FB2454AAF994F45 /* MyPluginScrollView.m in Sources */ = {isa = PBXBuildFile; fileRef = 582F94F2F9254AA7A7EC3EB8 /* MyPluginScrollView.m */; };
		901992975B0548ECBE548492 /* Accelerate.framework in Frameworks */ = {isa = PBXBuildFile; fileRef = FB1CE131B07B41C993480EC9 /* Accelerate.framework */; };
		9185D583083F4DDFBD1BB230 /* pgm_Localizable_en.json in Resources */ = {isa = PBXBuildFile; fileRef = E7B86F8E633748A7B8E49147 /* pgm_Localizable_en.json */; };
		9286A76824E84336A9FA39CE /* OneSignalPush.m in Sources */ = {isa = PBXBuildFile; fileRef = 99033B9CF2A94997A44256AF /* OneSignalPush.m */; };
		93CDAFD6AC214FCBB5F91AE1 /* CoreLocation.framework in Frameworks */ = {isa = PBXBuildFile; fileRef = 05D3F2BEACA648879DCCD212 /* CoreLocation.framework */; };
		95C96281F35B4455A1D44C9C /* OpenGLES.framework in Frameworks */ = {isa = PBXBuildFile; fileRef = 27FF73C5A7064A18AFD2A47A /* OpenGLES.framework */; };
		964A88DD6C284AC89C110A08 /* TBXML.m in Sources */ = {isa = PBXBuildFile; fileRef = 76B968D794F44F6C9589518B /* TBXML.m */; };
		9978B38A7F604AA49CB47C7B /* pgm_Localizable_pl.json in Resources */ = {isa = PBXBuildFile; fileRef = C37D31678D814FA99B57C308 /* pgm_Localizable_pl.json */; };
		9C9D1572088D4F118A7A0DFA /* pgm_Localizable_pt-BR.json in Resources */ = {isa = PBXBuildFile; fileRef = 2B78141EAC704E879F47691E /* pgm_Localizable_pt-BR.json */; };
		9EECD253909E4929BF055AC7 /* libz.tbd in Frameworks */ = {isa = PBXBuildFile; fileRef = 06D250BDDCBD4C0B8190ECFC /* libz.tbd */; };
		9F43DFBE9B104742A9320497 /* PluginUtil.m in Sources */ = {isa = PBXBuildFile; fileRef = 0EB431D700A149DF9E305D4B /* PluginUtil.m */; };
		A63F71130535DEBDA3FBDAE2 /* Pods_just_q_merchant.framework in Frameworks */ = {isa = PBXBuildFile; fileRef = 60856E1610EFB713023AA095 /* Pods_just_q_merchant.framework */; };
		A71E29F3141F45D7A1CEE380 /* AppDelegate+LineLogin.m in Sources */ = {isa = PBXBuildFile; fileRef = 9D1D2F0296494A5CA2B119D5 /* AppDelegate+LineLogin.m */; };
		AAFD419D3CD84AD099F90813 /* CoreTelephony.framework in Frameworks */ = {isa = PBXBuildFile; fileRef = 0C507AB6BD974E86AD122AB9 /* CoreTelephony.framework */; };
		AB8EC1F8A730435D99D1EA75 /* PluginObjects.m in Sources */ = {isa = PBXBuildFile; fileRef = 3EC93236888A4D3B976EFB9B /* PluginObjects.m */; };
		AF4E89CA5F3E4D2690599238 /* PluginEnvironment.m in Sources */ = {isa = PBXBuildFile; fileRef = CCBDC0913EB34B4C8D631278 /* PluginEnvironment.m */; };
		B10F43C2A275461BB4F7C09A /* pgm_Localizable_hi.json in Resources */ = {isa = PBXBuildFile; fileRef = BD767B2D1B984B26959AC840 /* pgm_Localizable_hi.json */; };
		B2C03049BCBF4FEF99AD80BD /* CustomPSPDFThreadSafeMutableDictionary.m in Sources */ = {isa = PBXBuildFile; fileRef = 0F5D6CDF107E47F6A425D365 /* CustomPSPDFThreadSafeMutableDictionary.m */; settings = {COMPILER_FLAGS = "-w"; }; };
		B621F07E8E1D447C818830CF /* GLKit.framework in Frameworks */ = {isa = PBXBuildFile; fileRef = 17366CE93DFA4506B3E5040A /* GLKit.framework */; };
		BD68CD41259E42B7AD8B70A6 /* CDVWKWebViewEngine.m in Sources */ = {isa = PBXBuildFile; fileRef = DF1CCF132FA44FADAC57AAA7 /* CDVWKWebViewEngine.m */; };
		C06DA5A1ABE1415EA9C928FD /* CoreData.framework in Frameworks */ = {isa = PBXBuildFile; fileRef = B7E8024AED2047D79934B3CF /* CoreData.framework */; };
		C0E7A026D80246C7BAC89979 /* CordovaGoogleMaps.m in Sources */ = {isa = PBXBuildFile; fileRef = 3C122E3F162B49879B2C31D9 /* CordovaGoogleMaps.m */; };
		C6C76869642645DDBB02C2EA /* LineLogin.swift in Sources */ = {isa = PBXBuildFile; fileRef = 053843CEFF0549759CCE908D /* LineLogin.swift */; };
		C847D30802FA65200F37B813 /* LineSDKObjC.framework in Frameworks */ = {isa = PBXBuildFile; fileRef = 1CE463540C85DEF3207EC701 /* LineSDKObjC.framework */; };
		C95BA2D0621D486BA716C087 /* pgm_Localizable_es.json in Resources */ = {isa = PBXBuildFile; fileRef = 24B07CE93C5D40D7BEB57EA7 /* pgm_Localizable_es.json */; };
		CA5275E3A67548438F2CA1F2 /* CDVLocation.m in Sources */ = {isa = PBXBuildFile; fileRef = D045CCA6D62F425F9D275028 /* CDVLocation.m */; };
		CA549BE33F49486E94768A98 /* NativeStorage.m in Sources */ = {isa = PBXBuildFile; fileRef = 6EC73FF97DCF4EA2A1E11515 /* NativeStorage.m */; };
		D3AB296B5388493E9AC60C57 /* pgm_Localizable_ru.json in Resources */ = {isa = PBXBuildFile; fileRef = 7F4C4AF463534FF2AF3198F3 /* pgm_Localizable_ru.json */; };
		D63A16BA3C8E9D8FFB4D2959 /* LineSDK.framework in Frameworks */ = {isa = PBXBuildFile; fileRef = D337CB0503D55494F452E0CE /* LineSDK.framework */; };
		D7D260776F81470284851460 /* SystemConfiguration.framework in Frameworks */ = {isa = PBXBuildFile; fileRef = 76983A2B09FD40109A877E4A /* SystemConfiguration.framework */; };
		D8B84273BF0040F697FB1912 /* PluginElevationService.m in Sources */ = {isa = PBXBuildFile; fileRef = 6653EC19CBBD4D9E8B1CB066 /* PluginElevationService.m */; };
		DB03100EDBD045259D1268C6 /* UIImageCache.m in Sources */ = {isa = PBXBuildFile; fileRef = DB0E5064B38447A3AB1975A4 /* UIImageCache.m */; };
		DB86427B177945199772FE7A /* GoogleMapsCore.framework in Frameworks */ = {isa = PBXBuildFile; fileRef = 372387D48C334AE1A7BBFDEF /* GoogleMapsCore.framework */; };
		EA98495D7CA14B96AB38D678 /* CoreText.framework in Frameworks */ = {isa = PBXBuildFile; fileRef = B314CBBC88264E49AA131704 /* CoreText.framework */; };
		EC4B059DD6F94639BA13DD5F /* pgm_Localizable_ar.json in Resources */ = {isa = PBXBuildFile; fileRef = C8FA9DA36F0F4886BF4B204E /* pgm_Localizable_ar.json */; };
		EDB57A1AE161457DA13AA784 /* SQLitePlugin.m in Sources */ = {isa = PBXBuildFile; fileRef = AC8A6EEFF17B47FAAA874A92 /* SQLitePlugin.m */; };
		EFD474D8BB184C16BDD1741A /* QuartzCore.framework in Frameworks */ = {isa = PBXBuildFile; fileRef = F0546EE30A544947957EA520 /* QuartzCore.framework */; };
		EFF6127B764847C8B98722EC /* pgm_Localizable_ja.json in Resources */ = {isa = PBXBuildFile; fileRef = 2D5AA8F8F569411BBC367C5B /* pgm_Localizable_ja.json */; };
		F47BF403C8A94772B37E913A /* PluginMarkerCluster.m in Sources */ = {isa = PBXBuildFile; fileRef = A4536866A22A49B78B8257B5 /* PluginMarkerCluster.m */; };
		FDAA43E31E57492F9B9F8D4E /* CDVWKProcessPoolFactory.m in Sources */ = {isa = PBXBuildFile; fileRef = DDF83E7AC280426DA782A98B /* CDVWKProcessPoolFactory.m */; };
		FDB89767D1274CA28BC737C2 /* CDVWKWebViewUIDelegate.m in Sources */ = {isa = PBXBuildFile; fileRef = 13B967355AFC4300AC790E6C /* CDVWKWebViewUIDelegate.m */; };
/* End PBXBuildFile section */

/* Begin PBXContainerItemProxy section */
		301BF534109A57CC0062928A /* PBXContainerItemProxy */ = {
			isa = PBXContainerItemProxy;
			containerPortal = 301BF52D109A57CC0062928A /* CordovaLib.xcodeproj */;
			proxyType = 2;
			remoteGlobalIDString = D2AAC07E0554694100DB518D;
			remoteInfo = CordovaLib;
		};
		301BF550109A68C00062928A /* PBXContainerItemProxy */ = {
			isa = PBXContainerItemProxy;
			containerPortal = 301BF52D109A57CC0062928A /* CordovaLib.xcodeproj */;
			proxyType = 1;
			remoteGlobalIDString = D2AAC07D0554694100DB518D;
			remoteInfo = CordovaLib;
		};
		907D8123214C687600058A10 /* PBXContainerItemProxy */ = {
			isa = PBXContainerItemProxy;
			containerPortal = 301BF52D109A57CC0062928A /* CordovaLib.xcodeproj */;
			proxyType = 2;
			remoteGlobalIDString = C0C01EB21E3911D50056E6CB;
			remoteInfo = Cordova;
		};
/* End PBXContainerItemProxy section */

/* Begin PBXFileReference section */
		00A85BE3B2F40907462669F5 /* Pods-just-q-merchant.debug.xcconfig */ = {isa = PBXFileReference; includeInIndex = 1; lastKnownFileType = text.xcconfig; name = "Pods-just-q-merchant.debug.xcconfig"; path = "Target Support Files/Pods-just-q-merchant/Pods-just-q-merchant.debug.xcconfig"; sourceTree = "<group>"; };
		0207DA571B56EA530066E2B4 /* Images.xcassets */ = {isa = PBXFileReference; lastKnownFileType = folder.assetcatalog; name = Images.xcassets; path = "just-q-merchant/Images.xcassets"; sourceTree = SOURCE_ROOT; };
		053843CEFF0549759CCE908D /* LineLogin.swift */ = {isa = PBXFileReference; explicitFileType = undefined; fileEncoding = 4; includeInIndex = 0; lastKnownFileType = sourcecode.swift; name = LineLogin.swift; path = "cordova-line-login-plugin/LineLogin.swift"; sourceTree = "<group>"; };
		05D3F2BEACA648879DCCD212 /* CoreLocation.framework */ = {isa = PBXFileReference; explicitFileType = undefined; fileEncoding = 9; includeInIndex = 0; lastKnownFileType = wrapper.framework; name = CoreLocation.framework; path = System/Library/Frameworks/CoreLocation.framework; sourceTree = SDKROOT; };
		06D250BDDCBD4C0B8190ECFC /* libz.tbd */ = {isa = PBXFileReference; explicitFileType = undefined; fileEncoding = 9; includeInIndex = 0; lastKnownFileType = "sourcecode.text-based-dylib-definition"; name = libz.tbd; path = usr/lib/libz.tbd; sourceTree = SDKROOT; };
		0B4BBE9E846E4C048DA1F938 /* PluginMapViewController.h */ = {isa = PBXFileReference; explicitFileType = undefined; fileEncoding = 4; includeInIndex = 0; lastKnownFileType = sourcecode.c.h; name = PluginMapViewController.h; path = "cordova-plugin-googlemaps/PluginMapViewController.h"; sourceTree = "<group>"; };
		0BCBD93CBED2462FA98C7C5C /* PluginDirectionsService.h */ = {isa = PBXFileReference; explicitFileType = undefined; fileEncoding = 4; includeInIndex = 0; lastKnownFileType = sourcecode.c.h; name = PluginDirectionsService.h; path = "cordova-plugin-googlemaps/PluginDirectionsService.h"; sourceTree = "<group>"; };
		0C507AB6BD974E86AD122AB9 /* CoreTelephony.framework */ = {isa = PBXFileReference; explicitFileType = undefined; fileEncoding = 9; includeInIndex = 0; lastKnownFileType = wrapper.framework; name = CoreTelephony.framework; path = System/Library/Frameworks/CoreTelephony.framework; sourceTree = SDKROOT; };
		0EB431D700A149DF9E305D4B /* PluginUtil.m */ = {isa = PBXFileReference; explicitFileType = undefined; fileEncoding = 4; includeInIndex = 0; lastKnownFileType = sourcecode.c.objc; name = PluginUtil.m; path = "cordova-plugin-googlemaps/PluginUtil.m"; sourceTree = "<group>"; };
		0F5D6CDF107E47F6A425D365 /* CustomPSPDFThreadSafeMutableDictionary.m */ = {isa = PBXFileReference; explicitFileType = undefined; fileEncoding = 4; includeInIndex = 0; lastKnownFileType = sourcecode.c.objc; name = CustomPSPDFThreadSafeMutableDictionary.m; path = "cordova-sqlite-storage/CustomPSPDFThreadSafeMutableDictionary.m"; sourceTree = "<group>"; };
		137ED7552D654958B714949C /* CDVWKProcessPoolFactory.h */ = {isa = PBXFileReference; explicitFileType = undefined; fileEncoding = 4; includeInIndex = 0; lastKnownFileType = sourcecode.c.h; name = CDVWKProcessPoolFactory.h; path = "cordova-plugin-ionic-webview/CDVWKProcessPoolFactory.h"; sourceTree = "<group>"; };
		13B967355AFC4300AC790E6C /* CDVWKWebViewUIDelegate.m */ = {isa = PBXFileReference; explicitFileType = undefined; fileEncoding = 4; includeInIndex = 0; lastKnownFileType = sourcecode.c.objc; name = CDVWKWebViewUIDelegate.m; path = "cordova-plugin-ionic-webview/CDVWKWebViewUIDelegate.m"; sourceTree = "<group>"; };
		17366CE93DFA4506B3E5040A /* GLKit.framework */ = {isa = PBXFileReference; explicitFileType = undefined; fileEncoding = 9; includeInIndex = 0; lastKnownFileType = wrapper.framework; name = GLKit.framework; path = System/Library/Frameworks/GLKit.framework; sourceTree = SDKROOT; };
		1B129B41A50140F18E989B23 /* pgm_Localizable_vi.json */ = {isa = PBXFileReference; explicitFileType = undefined; fileEncoding = 9; includeInIndex = 0; lastKnownFileType = unknown; path = pgm_Localizable_vi.json; sourceTree = "<group>"; };
		1BAB8E9650774570AD5F5934 /* PluginUtil.h */ = {isa = PBXFileReference; explicitFileType = undefined; fileEncoding = 4; includeInIndex = 0; lastKnownFileType = sourcecode.c.h; name = PluginUtil.h; path = "cordova-plugin-googlemaps/PluginUtil.h"; sourceTree = "<group>"; };
		1BF335BD2CA041988C4159CE /* PluginTileOverlay.h */ = {isa = PBXFileReference; explicitFileType = undefined; fileEncoding = 4; includeInIndex = 0; lastKnownFileType = sourcecode.c.h; name = PluginTileOverlay.h; path = "cordova-plugin-googlemaps/PluginTileOverlay.h"; sourceTree = "<group>"; };
		1C61148FA312424D9A03DCFB /* UIImageCache.h */ = {isa = PBXFileReference; explicitFileType = undefined; fileEncoding = 4; includeInIndex = 0; lastKnownFileType = sourcecode.c.h; name = UIImageCache.h; path = "cordova-plugin-googlemaps/UIImageCache.h"; sourceTree = "<group>"; };
		1CE463540C85DEF3207EC701 /* LineSDKObjC.framework */ = {isa = PBXFileReference; includeInIndex = 1; lastKnownFileType = wrapper.framework; name = LineSDKObjC.framework; path = Carthage/Build/iOS/LineSDKObjC.framework; sourceTree = SOURCE_ROOT; };
		1D3623240D0F684500981E51 /* AppDelegate.h */ = {isa = PBXFileReference; fileEncoding = 4; lastKnownFileType = sourcecode.c.h; path = AppDelegate.h; sourceTree = "<group>"; };
		1D3623250D0F684500981E51 /* AppDelegate.m */ = {isa = PBXFileReference; fileEncoding = 4; lastKnownFileType = sourcecode.c.objc; path = AppDelegate.m; sourceTree = "<group>"; };
		1D6058910D05DD3D006BFB54 /* จัดคิว.app */ = {isa = PBXFileReference; explicitFileType = wrapper.application; includeInIndex = 0; path = "จัดคิว.app"; sourceTree = BUILT_PRODUCTS_DIR; };
		1F33BB2C40A4428B9FCD2CA4 /* UIKit.framework */ = {isa = PBXFileReference; explicitFileType = undefined; fileEncoding = 9; includeInIndex = 0; lastKnownFileType = wrapper.framework; name = UIKit.framework; path = System/Library/Frameworks/UIKit.framework; sourceTree = SDKROOT; };
		20808E63862441159095CC24 /* PluginMarkerCluster.h */ = {isa = PBXFileReference; explicitFileType = undefined; fileEncoding = 4; includeInIndex = 0; lastKnownFileType = sourcecode.c.h; name = PluginMarkerCluster.h; path = "cordova-plugin-googlemaps/PluginMarkerCluster.h"; sourceTree = "<group>"; };
		20A900EF006B4A92BD00BDC6 /* FacebookConnectPlugin.h */ = {isa = PBXFileReference; explicitFileType = undefined; fileEncoding = 4; includeInIndex = 0; lastKnownFileType = sourcecode.c.h; name = FacebookConnectPlugin.h; path = "cordova-plugin-facebook4/FacebookConnectPlugin.h"; sourceTree = "<group>"; };
		234FF72659BD4DA6B11BAE04 /* CDVLocation.h */ = {isa = PBXFileReference; explicitFileType = undefined; fileEncoding = 4; includeInIndex = 0; lastKnownFileType = sourcecode.c.h; name = CDVLocation.h; path = "cordova-plugin-geolocation/CDVLocation.h"; sourceTree = "<group>"; };
		243C05C568EA4391ADCD2964 /* MyPluginLayer.h */ = {isa = PBXFileReference; explicitFileType = undefined; fileEncoding = 4; includeInIndex = 0; lastKnownFileType = sourcecode.c.h; name = MyPluginLayer.h; path = "cordova-plugin-googlemaps/MyPluginLayer.h"; sourceTree = "<group>"; };
		24B07CE93C5D40D7BEB57EA7 /* pgm_Localizable_es.json */ = {isa = PBXFileReference; explicitFileType = undefined; fileEncoding = 9; includeInIndex = 0; lastKnownFileType = unknown; path = pgm_Localizable_es.json; sourceTree = "<group>"; };
		25988C418BF44E5D887D5306 /* PluginViewController.h */ = {isa = PBXFileReference; explicitFileType = undefined; fileEncoding = 4; includeInIndex = 0; lastKnownFileType = sourcecode.c.h; name = PluginViewController.h; path = "cordova-plugin-googlemaps/PluginViewController.h"; sourceTree = "<group>"; };
		2759456123B2488A82F8FA86 /* SQLitePlugin.h */ = {isa = PBXFileReference; explicitFileType = undefined; fileEncoding = 4; includeInIndex = 0; lastKnownFileType = sourcecode.c.h; name = SQLitePlugin.h; path = "cordova-sqlite-storage/SQLitePlugin.h"; sourceTree = "<group>"; };
		27FF73C5A7064A18AFD2A47A /* OpenGLES.framework */ = {isa = PBXFileReference; explicitFileType = undefined; fileEncoding = 9; includeInIndex = 0; lastKnownFileType = wrapper.framework; name = OpenGLES.framework; path = System/Library/Frameworks/OpenGLES.framework; sourceTree = SDKROOT; };
		290CF6DA3EBE4AD6A95DEB36 /* CDVWKWebViewEngine.h */ = {isa = PBXFileReference; explicitFileType = undefined; fileEncoding = 4; includeInIndex = 0; lastKnownFileType = sourcecode.c.h; name = CDVWKWebViewEngine.h; path = "cordova-plugin-ionic-webview/CDVWKWebViewEngine.h"; sourceTree = "<group>"; };
		29B97316FDCFA39411CA2CEA /* main.m */ = {isa = PBXFileReference; fileEncoding = 4; lastKnownFileType = sourcecode.c.objc; path = main.m; sourceTree = "<group>"; };
		29E8CA9428F040F08CF95F8A /* PluginTileProvider.m */ = {isa = PBXFileReference; explicitFileType = undefined; fileEncoding = 4; includeInIndex = 0; lastKnownFileType = sourcecode.c.objc; name = PluginTileProvider.m; path = "cordova-plugin-googlemaps/PluginTileProvider.m"; sourceTree = "<group>"; };
		2B78141EAC704E879F47691E /* pgm_Localizable_pt-BR.json */ = {isa = PBXFileReference; explicitFileType = undefined; fileEncoding = 9; includeInIndex = 0; lastKnownFileType = unknown; path = "pgm_Localizable_pt-BR.json"; sourceTree = "<group>"; };
		2D5AA8F8F569411BBC367C5B /* pgm_Localizable_ja.json */ = {isa = PBXFileReference; explicitFileType = undefined; fileEncoding = 9; includeInIndex = 0; lastKnownFileType = unknown; path = pgm_Localizable_ja.json; sourceTree = "<group>"; };
		2DB7C88A256C406C8C02870F /* GMSCoordinateBounds+Geometry.h */ = {isa = PBXFileReference; explicitFileType = undefined; fileEncoding = 4; includeInIndex = 0; lastKnownFileType = sourcecode.c.h; name = "GMSCoordinateBounds+Geometry.h"; path = "cordova-plugin-googlemaps/GMSCoordinateBounds+Geometry.h"; sourceTree = "<group>"; };
		2F3CD5F3B56F4DBD9D86E994 /* MyPluginScrollView.h */ = {isa = PBXFileReference; explicitFileType = undefined; fileEncoding = 4; includeInIndex = 0; lastKnownFileType = sourcecode.c.h; name = MyPluginScrollView.h; path = "cordova-plugin-googlemaps/MyPluginScrollView.h"; sourceTree = "<group>"; };
		301BF52D109A57CC0062928A /* CordovaLib.xcodeproj */ = {isa = PBXFileReference; lastKnownFileType = "wrapper.pb-project"; name = CordovaLib.xcodeproj; path = CordovaLib/CordovaLib.xcodeproj; sourceTree = "<group>"; };
		301BF56E109A69640062928A /* www */ = {isa = PBXFileReference; lastKnownFileType = folder; path = www; sourceTree = SOURCE_ROOT; };
		302D95EE14D2391D003F00A1 /* MainViewController.h */ = {isa = PBXFileReference; fileEncoding = 4; lastKnownFileType = sourcecode.c.h; path = MainViewController.h; sourceTree = "<group>"; };
		302D95EF14D2391D003F00A1 /* MainViewController.m */ = {isa = PBXFileReference; fileEncoding = 4; lastKnownFileType = sourcecode.c.objc; path = MainViewController.m; sourceTree = "<group>"; };
		302D95F014D2391D003F00A1 /* MainViewController.xib */ = {isa = PBXFileReference; fileEncoding = 4; lastKnownFileType = file.xib; path = MainViewController.xib; sourceTree = "<group>"; };
		3047A50F1AB8059700498E2A /* build-debug.xcconfig */ = {isa = PBXFileReference; fileEncoding = 4; lastKnownFileType = text.xcconfig; name = "build-debug.xcconfig"; path = "cordova/build-debug.xcconfig"; sourceTree = SOURCE_ROOT; };
		3047A5101AB8059700498E2A /* build-release.xcconfig */ = {isa = PBXFileReference; fileEncoding = 4; lastKnownFileType = text.xcconfig; name = "build-release.xcconfig"; path = "cordova/build-release.xcconfig"; sourceTree = SOURCE_ROOT; };
		3047A5111AB8059700498E2A /* build.xcconfig */ = {isa = PBXFileReference; fileEncoding = 4; lastKnownFileType = text.xcconfig; name = build.xcconfig; path = cordova/build.xcconfig; sourceTree = SOURCE_ROOT; };
		311CF88D89394246B6D20706 /* PluginGroundOverlay.m */ = {isa = PBXFileReference; explicitFileType = undefined; fileEncoding = 4; includeInIndex = 0; lastKnownFileType = sourcecode.c.objc; name = PluginGroundOverlay.m; path = "cordova-plugin-googlemaps/PluginGroundOverlay.m"; sourceTree = "<group>"; };
		32CA4F630368D1EE00C91783 /* just-q-merchant-Prefix.pch */ = {isa = PBXFileReference; fileEncoding = 4; lastKnownFileType = sourcecode.c.h; path = "just-q-merchant-Prefix.pch"; sourceTree = "<group>"; };
		3415A308D3634FB5B7B3CB9F /* sqlite3.h */ = {isa = PBXFileReference; explicitFileType = undefined; fileEncoding = 4; includeInIndex = 0; lastKnownFileType = sourcecode.c.h; name = sqlite3.h; path = "cordova-sqlite-storage/sqlite3.h"; sourceTree = "<group>"; };
		372387D48C334AE1A7BBFDEF /* GoogleMapsCore.framework */ = {isa = PBXFileReference; explicitFileType = undefined; fileEncoding = 9; includeInIndex = 0; lastKnownFileType = wrapper.framework; name = GoogleMapsCore.framework; path = "just-q-merchant/Plugins/com.googlemaps.ios/GoogleMapsCore.framework"; sourceTree = "<group>"; };
		3AE598D0809347ADAE5DDCF6 /* CDVIonicKeyboard.h */ = {isa = PBXFileReference; explicitFileType = undefined; fileEncoding = 4; includeInIndex = 0; lastKnownFileType = sourcecode.c.h; name = CDVIonicKeyboard.h; path = "cordova-plugin-ionic-keyboard/CDVIonicKeyboard.h"; sourceTree = "<group>"; };
		3C122E3F162B49879B2C31D9 /* CordovaGoogleMaps.m */ = {isa = PBXFileReference; explicitFileType = undefined; fileEncoding = 4; includeInIndex = 0; lastKnownFileType = sourcecode.c.objc; name = CordovaGoogleMaps.m; path = "cordova-plugin-googlemaps/CordovaGoogleMaps.m"; sourceTree = "<group>"; };
		3DD08F6DB73C44098A5E89DC /* sqlite3.c */ = {isa = PBXFileReference; explicitFileType = undefined; fileEncoding = 9; includeInIndex = 0; lastKnownFileType = unknown; name = sqlite3.c; path = "cordova-sqlite-storage/sqlite3.c"; sourceTree = "<group>"; };
		3EC93236888A4D3B976EFB9B /* PluginObjects.m */ = {isa = PBXFileReference; explicitFileType = undefined; fileEncoding = 4; includeInIndex = 0; lastKnownFileType = sourcecode.c.objc; name = PluginObjects.m; path = "cordova-plugin-googlemaps/PluginObjects.m"; sourceTree = "<group>"; };
		44076F2DB4E035726152DC46 /* LineSDK.framework */ = {isa = PBXFileReference; includeInIndex = 1; lastKnownFileType = wrapper.framework; name = LineSDK.framework; path = Carthage/Build/iOS/LineSDK.framework; sourceTree = SOURCE_ROOT; };
		47D235D8EDAB4CFC80648111 /* CDVSplashScreen.h */ = {isa = PBXFileReference; explicitFileType = undefined; fileEncoding = 4; includeInIndex = 0; lastKnownFileType = sourcecode.c.h; name = CDVSplashScreen.h; path = "cordova-plugin-splashscreen/CDVSplashScreen.h"; sourceTree = "<group>"; };
		4DDF733F9346411C9D31509A /* FacebookConnectPlugin.m */ = {isa = PBXFileReference; explicitFileType = undefined; fileEncoding = 4; includeInIndex = 0; lastKnownFileType = sourcecode.c.objc; name = FacebookConnectPlugin.m; path = "cordova-plugin-facebook4/FacebookConnectPlugin.m"; sourceTree = "<group>"; };
		4EE4AD82E35549FC8F204FC7 /* GoogleMaps.framework */ = {isa = PBXFileReference; explicitFileType = undefined; fileEncoding = 9; includeInIndex = 0; lastKnownFileType = wrapper.framework; name = GoogleMaps.framework; path = "just-q-merchant/Plugins/com.googlemaps.ios/GoogleMaps.framework"; sourceTree = "<group>"; };
		52F2B93979E64E53B4A91F26 /* CDVStatusBar.h */ = {isa = PBXFileReference; explicitFileType = undefined; fileEncoding = 4; includeInIndex = 0; lastKnownFileType = sourcecode.c.h; name = CDVStatusBar.h; path = "cordova-plugin-statusbar/CDVStatusBar.h"; sourceTree = "<group>"; };
		545606F670B94C81BBEAF3C1 /* CDVIonicKeyboard.m */ = {isa = PBXFileReference; explicitFileType = undefined; fileEncoding = 4; includeInIndex = 0; lastKnownFileType = sourcecode.c.objc; name = CDVIonicKeyboard.m; path = "cordova-plugin-ionic-keyboard/CDVIonicKeyboard.m"; sourceTree = "<group>"; };
		547A2A84274A4875A328F13A /* PluginElevationService.h */ = {isa = PBXFileReference; explicitFileType = undefined; fileEncoding = 4; includeInIndex = 0; lastKnownFileType = sourcecode.c.h; name = PluginElevationService.h; path = "cordova-plugin-googlemaps/PluginElevationService.h"; sourceTree = "<group>"; };
		54C81CF95F5A425EB88975A3 /* PluginStreetViewPanorama.h */ = {isa = PBXFileReference; explicitFileType = undefined; fileEncoding = 4; includeInIndex = 0; lastKnownFileType = sourcecode.c.h; name = PluginStreetViewPanorama.h; path = "cordova-plugin-googlemaps/PluginStreetViewPanorama.h"; sourceTree = "<group>"; };
		568B4B3896E34AE2AD82D616 /* IONAssetHandler.m */ = {isa = PBXFileReference; explicitFileType = undefined; fileEncoding = 4; includeInIndex = 0; lastKnownFileType = sourcecode.c.objc; name = IONAssetHandler.m; path = "cordova-plugin-ionic-webview/IONAssetHandler.m"; sourceTree = "<group>"; };
		573C24D8A57D4BA78D878151 /* PluginMapViewController.m */ = {isa = PBXFileReference; explicitFileType = undefined; fileEncoding = 4; includeInIndex = 0; lastKnownFileType = sourcecode.c.objc; name = PluginMapViewController.m; path = "cordova-plugin-googlemaps/PluginMapViewController.m"; sourceTree = "<group>"; };
		582F94F2F9254AA7A7EC3EB8 /* MyPluginScrollView.m */ = {isa = PBXFileReference; explicitFileType = undefined; fileEncoding = 4; includeInIndex = 0; lastKnownFileType = sourcecode.c.objc; name = MyPluginScrollView.m; path = "cordova-plugin-googlemaps/MyPluginScrollView.m"; sourceTree = "<group>"; };
		5E485595C95A470399942F32 /* GoogleMapsBase.framework */ = {isa = PBXFileReference; explicitFileType = undefined; fileEncoding = 9; includeInIndex = 0; lastKnownFileType = wrapper.framework; name = GoogleMapsBase.framework; path = "just-q-merchant/Plugins/com.googlemaps.ios/GoogleMapsBase.framework"; sourceTree = "<group>"; };
		60856E1610EFB713023AA095 /* Pods_just_q_merchant.framework */ = {isa = PBXFileReference; explicitFileType = wrapper.framework; includeInIndex = 0; path = Pods_just_q_merchant.framework; sourceTree = BUILT_PRODUCTS_DIR; };
		630234B804634DD9AB5DB088 /* CDVViewController+SplashScreen.h */ = {isa = PBXFileReference; explicitFileType = undefined; fileEncoding = 4; includeInIndex = 0; lastKnownFileType = sourcecode.c.h; name = "CDVViewController+SplashScreen.h"; path = "cordova-plugin-splashscreen/CDVViewController+SplashScreen.h"; sourceTree = "<group>"; };
		6382DD2982BE48DDA876BBE8 /* PluginTileProvider.h */ = {isa = PBXFileReference; explicitFileType = undefined; fileEncoding = 4; includeInIndex = 0; lastKnownFileType = sourcecode.c.h; name = PluginTileProvider.h; path = "cordova-plugin-googlemaps/PluginTileProvider.h"; sourceTree = "<group>"; };
		63FD17B10E4843E4811ECF9B /* pgm_Localizable_uk.json */ = {isa = PBXFileReference; explicitFileType = undefined; fileEncoding = 9; includeInIndex = 0; lastKnownFileType = unknown; path = pgm_Localizable_uk.json; sourceTree = "<group>"; };
		6653EC19CBBD4D9E8B1CB066 /* PluginElevationService.m */ = {isa = PBXFileReference; explicitFileType = undefined; fileEncoding = 4; includeInIndex = 0; lastKnownFileType = sourcecode.c.objc; name = PluginElevationService.m; path = "cordova-plugin-googlemaps/PluginElevationService.m"; sourceTree = "<group>"; };
		6883BDDF6FD448B8A980BA12 /* PluginDirectionsService.m */ = {isa = PBXFileReference; explicitFileType = undefined; fileEncoding = 4; includeInIndex = 0; lastKnownFileType = sourcecode.c.objc; name = PluginDirectionsService.m; path = "cordova-plugin-googlemaps/PluginDirectionsService.m"; sourceTree = "<group>"; };
		6AFF5BF81D6E424B00AB3073 /* CDVLaunchScreen.storyboard */ = {isa = PBXFileReference; fileEncoding = 4; lastKnownFileType = file.storyboard; name = CDVLaunchScreen.storyboard; path = "just-q-merchant/CDVLaunchScreen.storyboard"; sourceTree = SOURCE_ROOT; };
		6D4D217D9C27461D87ABC144 /* NativeStorage.h */ = {isa = PBXFileReference; explicitFileType = undefined; fileEncoding = 4; includeInIndex = 0; lastKnownFileType = sourcecode.c.h; name = NativeStorage.h; path = "cordova-plugin-nativestorage/NativeStorage.h"; sourceTree = "<group>"; };
		6EC73FF97DCF4EA2A1E11515 /* NativeStorage.m */ = {isa = PBXFileReference; explicitFileType = undefined; fileEncoding = 4; includeInIndex = 0; lastKnownFileType = sourcecode.c.objc; name = NativeStorage.m; path = "cordova-plugin-nativestorage/NativeStorage.m"; sourceTree = "<group>"; };
		6F655EB2C7E6415DBEE53075 /* CDVDevice.m */ = {isa = PBXFileReference; explicitFileType = undefined; fileEncoding = 4; includeInIndex = 0; lastKnownFileType = sourcecode.c.objc; name = CDVDevice.m; path = "cordova-plugin-device/CDVDevice.m"; sourceTree = "<group>"; };
		71112018DFE944B49D338610 /* PluginPolyline.m */ = {isa = PBXFileReference; explicitFileType = undefined; fileEncoding = 4; includeInIndex = 0; lastKnownFileType = sourcecode.c.objc; name = PluginPolyline.m; path = "cordova-plugin-googlemaps/PluginPolyline.m"; sourceTree = "<group>"; };
		76983A2B09FD40109A877E4A /* SystemConfiguration.framework */ = {isa = PBXFileReference; explicitFileType = undefined; fileEncoding = 9; includeInIndex = 0; lastKnownFileType = wrapper.framework; name = SystemConfiguration.framework; path = System/Library/Frameworks/SystemConfiguration.framework; sourceTree = SDKROOT; };
		76B968D794F44F6C9589518B /* TBXML.m */ = {isa = PBXFileReference; explicitFileType = undefined; fileEncoding = 4; includeInIndex = 0; lastKnownFileType = sourcecode.c.objc; name = TBXML.m; path = "cordova-plugin-googlemaps/TBXML.m"; sourceTree = "<group>"; };
		76D451302B3943A9876D6900 /* PluginEnvironment.h */ = {isa = PBXFileReference; explicitFileType = undefined; fileEncoding = 4; includeInIndex = 0; lastKnownFileType = sourcecode.c.h; name = PluginEnvironment.h; path = "cordova-plugin-googlemaps/PluginEnvironment.h"; sourceTree = "<group>"; };
		778BB46DA92447B7B39C3F3E /* IPluginProtocol.h */ = {isa = PBXFileReference; explicitFileType = undefined; fileEncoding = 4; includeInIndex = 0; lastKnownFileType = sourcecode.c.h; name = IPluginProtocol.h; path = "cordova-plugin-googlemaps/IPluginProtocol.h"; sourceTree = "<group>"; };
		7D123DC2CA9141F68C062619 /* CDVStatusBar.m */ = {isa = PBXFileReference; explicitFileType = undefined; fileEncoding = 4; includeInIndex = 0; lastKnownFileType = sourcecode.c.objc; name = CDVStatusBar.m; path = "cordova-plugin-statusbar/CDVStatusBar.m"; sourceTree = "<group>"; };
		7EFC635AC4694121B2B8CB0E /* PluginLocationService.m */ = {isa = PBXFileReference; explicitFileType = undefined; fileEncoding = 4; includeInIndex = 0; lastKnownFileType = sourcecode.c.objc; name = PluginLocationService.m; path = "cordova-plugin-googlemaps/PluginLocationService.m"; sourceTree = "<group>"; };
		7F4C4AF463534FF2AF3198F3 /* pgm_Localizable_ru.json */ = {isa = PBXFileReference; explicitFileType = undefined; fileEncoding = 9; includeInIndex = 0; lastKnownFileType = unknown; path = pgm_Localizable_ru.json; sourceTree = "<group>"; };
		7F791ADA5EEF4CA49B453C8B /* IPluginView.h */ = {isa = PBXFileReference; explicitFileType = undefined; fileEncoding = 4; includeInIndex = 0; lastKnownFileType = sourcecode.c.h; name = IPluginView.h; path = "cordova-plugin-googlemaps/IPluginView.h"; sourceTree = "<group>"; };
		81B84AF4C8D74284B37F03CF /* PluginLocationService.h */ = {isa = PBXFileReference; explicitFileType = undefined; fileEncoding = 4; includeInIndex = 0; lastKnownFileType = sourcecode.c.h; name = PluginLocationService.h; path = "cordova-plugin-googlemaps/PluginLocationService.h"; sourceTree = "<group>"; };
		835A6F35C9B5404A9B108205 /* CDVViewController+SplashScreen.m */ = {isa = PBXFileReference; explicitFileType = undefined; fileEncoding = 4; includeInIndex = 0; lastKnownFileType = sourcecode.c.objc; name = "CDVViewController+SplashScreen.m"; path = "cordova-plugin-splashscreen/CDVViewController+SplashScreen.m"; sourceTree = "<group>"; };
		8D1107310486CEB800E47090 /* just-q-merchant-Info.plist */ = {isa = PBXFileReference; fileEncoding = 4; lastKnownFileType = text.plist.xml; name = "just-q-merchant-Info.plist"; path = "just-q-merchant/just-q-merchant-Info.plist"; plistStructureDefinitionIdentifier = "com.apple.xcode.plist.structure-definition.iphone.info-plist"; sourceTree = SOURCE_ROOT; };
		8FD53351CE3F43AE82699D1B /* PluginMap.h */ = {isa = PBXFileReference; explicitFileType = undefined; fileEncoding = 4; includeInIndex = 0; lastKnownFileType = sourcecode.c.h; name = PluginMap.h; path = "cordova-plugin-googlemaps/PluginMap.h"; sourceTree = "<group>"; };
		8FFF1BBC011E4C7285ACB2D0 /* PluginViewController.m */ = {isa = PBXFileReference; explicitFileType = undefined; fileEncoding = 4; includeInIndex = 0; lastKnownFileType = sourcecode.c.objc; name = PluginViewController.m; path = "cordova-plugin-googlemaps/PluginViewController.m"; sourceTree = "<group>"; };
		950BD26F16BE43A38B2BAF97 /* CordovaGoogleMaps.h */ = {isa = PBXFileReference; explicitFileType = undefined; fileEncoding = 4; includeInIndex = 0; lastKnownFileType = sourcecode.c.h; name = CordovaGoogleMaps.h; path = "cordova-plugin-googlemaps/CordovaGoogleMaps.h"; sourceTree = "<group>"; };
		970F18B710B545DD84F31391 /* CDVWKWebViewUIDelegate.h */ = {isa = PBXFileReference; explicitFileType = undefined; fileEncoding = 4; includeInIndex = 0; lastKnownFileType = sourcecode.c.h; name = CDVWKWebViewUIDelegate.h; path = "cordova-plugin-ionic-webview/CDVWKWebViewUIDelegate.h"; sourceTree = "<group>"; };
		99033B9CF2A94997A44256AF /* OneSignalPush.m */ = {isa = PBXFileReference; explicitFileType = undefined; fileEncoding = 4; includeInIndex = 0; lastKnownFileType = sourcecode.c.objc; name = OneSignalPush.m; path = "onesignal-cordova-plugin/OneSignalPush.m"; sourceTree = "<group>"; };
		9C767FDBC1CF7C1ECBA526F9 /* LineSDKObjC.framework */ = {isa = PBXFileReference; includeInIndex = 1; lastKnownFileType = wrapper.framework; name = LineSDKObjC.framework; path = Carthage/Build/iOS/LineSDKObjC.framework; sourceTree = SOURCE_ROOT; };
		9D1D2F0296494A5CA2B119D5 /* AppDelegate+LineLogin.m */ = {isa = PBXFileReference; explicitFileType = undefined; fileEncoding = 4; includeInIndex = 0; lastKnownFileType = sourcecode.c.objc; name = "AppDelegate+LineLogin.m"; path = "cordova-line-login-plugin/AppDelegate+LineLogin.m"; sourceTree = "<group>"; };
		9DDDE52129154EA7BCC43C87 /* ImageIO.framework */ = {isa = PBXFileReference; explicitFileType = undefined; fileEncoding = 9; includeInIndex = 0; lastKnownFileType = wrapper.framework; name = ImageIO.framework; path = System/Library/Frameworks/ImageIO.framework; sourceTree = SDKROOT; };
		9EFCE41BFD114BB5A2888D56 /* AppDelegate+LineLogin.h */ = {isa = PBXFileReference; explicitFileType = undefined; fileEncoding = 4; includeInIndex = 0; lastKnownFileType = sourcecode.c.h; name = "AppDelegate+LineLogin.h"; path = "cordova-line-login-plugin/AppDelegate+LineLogin.h"; sourceTree = "<group>"; };
		9F7D56B732B8485280847EF8 /* CDVSplashScreen.m */ = {isa = PBXFileReference; explicitFileType = undefined; fileEncoding = 4; includeInIndex = 0; lastKnownFileType = sourcecode.c.objc; name = CDVSplashScreen.m; path = "cordova-plugin-splashscreen/CDVSplashScreen.m"; sourceTree = "<group>"; };
		A4536866A22A49B78B8257B5 /* PluginMarkerCluster.m */ = {isa = PBXFileReference; explicitFileType = undefined; fileEncoding = 4; includeInIndex = 0; lastKnownFileType = sourcecode.c.objc; name = PluginMarkerCluster.m; path = "cordova-plugin-googlemaps/PluginMarkerCluster.m"; sourceTree = "<group>"; };
		A5C15269AE0D4F6B96836870 /* PluginMarker.h */ = {isa = PBXFileReference; explicitFileType = undefined; fileEncoding = 4; includeInIndex = 0; lastKnownFileType = sourcecode.c.h; name = PluginMarker.h; path = "cordova-plugin-googlemaps/PluginMarker.h"; sourceTree = "<group>"; };
		A6AE872C29FF4E2D8907179B /* PluginGroundOverlay.h */ = {isa = PBXFileReference; explicitFileType = undefined; fileEncoding = 4; includeInIndex = 0; lastKnownFileType = sourcecode.c.h; name = PluginGroundOverlay.h; path = "cordova-plugin-googlemaps/PluginGroundOverlay.h"; sourceTree = "<group>"; };
		A77A1CB11F5446B39586C47E /* WebKit.framework */ = {isa = PBXFileReference; explicitFileType = undefined; fileEncoding = 9; includeInIndex = 0; lastKnownFileType = wrapper.framework; name = WebKit.framework; path = System/Library/Frameworks/WebKit.framework; sourceTree = SDKROOT; };
		AA09EFE9442B4352B51A738B /* PluginPolygon.h */ = {isa = PBXFileReference; explicitFileType = undefined; fileEncoding = 4; includeInIndex = 0; lastKnownFileType = sourcecode.c.h; name = PluginPolygon.h; path = "cordova-plugin-googlemaps/PluginPolygon.h"; sourceTree = "<group>"; };
		AC6DB4B57B0F4B599A16680E /* PluginStreetViewPanoramaController.m */ = {isa = PBXFileReference; explicitFileType = undefined; fileEncoding = 4; includeInIndex = 0; lastKnownFileType = sourcecode.c.objc; name = PluginStreetViewPanoramaController.m; path = "cordova-plugin-googlemaps/PluginStreetViewPanoramaController.m"; sourceTree = "<group>"; };
		AC8A6EEFF17B47FAAA874A92 /* SQLitePlugin.m */ = {isa = PBXFileReference; explicitFileType = undefined; fileEncoding = 4; includeInIndex = 0; lastKnownFileType = sourcecode.c.objc; name = SQLitePlugin.m; path = "cordova-sqlite-storage/SQLitePlugin.m"; sourceTree = "<group>"; };
		AE9CC4500D1B4230B4F99AD9 /* PluginStreetViewPanoramaController.h */ = {isa = PBXFileReference; explicitFileType = undefined; fileEncoding = 4; includeInIndex = 0; lastKnownFileType = sourcecode.c.h; name = PluginStreetViewPanoramaController.h; path = "cordova-plugin-googlemaps/PluginStreetViewPanoramaController.h"; sourceTree = "<group>"; };
		AF734E5307A44EF0B80F4374 /* PluginCircle.h */ = {isa = PBXFileReference; explicitFileType = undefined; fileEncoding = 4; includeInIndex = 0; lastKnownFileType = sourcecode.c.h; name = PluginCircle.h; path = "cordova-plugin-googlemaps/PluginCircle.h"; sourceTree = "<group>"; };
		B314CBBC88264E49AA131704 /* CoreText.framework */ = {isa = PBXFileReference; explicitFileType = undefined; fileEncoding = 9; includeInIndex = 0; lastKnownFileType = wrapper.framework; name = CoreText.framework; path = System/Library/Frameworks/CoreText.framework; sourceTree = SDKROOT; };
		B451ACDBA5A24E0C94DDE93B /* PluginKmlOverlay.h */ = {isa = PBXFileReference; explicitFileType = undefined; fileEncoding = 4; includeInIndex = 0; lastKnownFileType = sourcecode.c.h; name = PluginKmlOverlay.h; path = "cordova-plugin-googlemaps/PluginKmlOverlay.h"; sourceTree = "<group>"; };
		B4D2AE19D18446368BCFC420 /* pgm_Localizable_da.json */ = {isa = PBXFileReference; explicitFileType = undefined; fileEncoding = 9; includeInIndex = 0; lastKnownFileType = unknown; path = pgm_Localizable_da.json; sourceTree = "<group>"; };
		B6A9D208BEB745349DD6DE43 /* PluginMap.m */ = {isa = PBXFileReference; explicitFileType = undefined; fileEncoding = 4; includeInIndex = 0; lastKnownFileType = sourcecode.c.objc; name = PluginMap.m; path = "cordova-plugin-googlemaps/PluginMap.m"; sourceTree = "<group>"; };
		B7E8024AED2047D79934B3CF /* CoreData.framework */ = {isa = PBXFileReference; explicitFileType = undefined; fileEncoding = 9; includeInIndex = 0; lastKnownFileType = wrapper.framework; name = CoreData.framework; path = System/Library/Frameworks/CoreData.framework; sourceTree = SDKROOT; };
		BCD9736F1E5445B4A76AB3D9 /* PluginPolygon.m */ = {isa = PBXFileReference; explicitFileType = undefined; fileEncoding = 4; includeInIndex = 0; lastKnownFileType = sourcecode.c.objc; name = PluginPolygon.m; path = "cordova-plugin-googlemaps/PluginPolygon.m"; sourceTree = "<group>"; };
		BD767B2D1B984B26959AC840 /* pgm_Localizable_hi.json */ = {isa = PBXFileReference; explicitFileType = undefined; fileEncoding = 9; includeInIndex = 0; lastKnownFileType = unknown; path = pgm_Localizable_hi.json; sourceTree = "<group>"; };
		BD83B474EFD5405A92CCC214 /* PluginKmlOverlay.m */ = {isa = PBXFileReference; explicitFileType = undefined; fileEncoding = 4; includeInIndex = 0; lastKnownFileType = sourcecode.c.objc; name = PluginKmlOverlay.m; path = "cordova-plugin-googlemaps/PluginKmlOverlay.m"; sourceTree = "<group>"; };
		BF57573A4EC14315933DE8E3 /* GMSCoordinateBounds+Geometry.m */ = {isa = PBXFileReference; explicitFileType = undefined; fileEncoding = 4; includeInIndex = 0; lastKnownFileType = sourcecode.c.objc; name = "GMSCoordinateBounds+Geometry.m"; path = "cordova-plugin-googlemaps/GMSCoordinateBounds+Geometry.m"; sourceTree = "<group>"; };
		BF5CD2FAAA7947EF916343F1 /* PluginObjects.h */ = {isa = PBXFileReference; explicitFileType = undefined; fileEncoding = 4; includeInIndex = 0; lastKnownFileType = sourcecode.c.h; name = PluginObjects.h; path = "cordova-plugin-googlemaps/PluginObjects.h"; sourceTree = "<group>"; };
		C37D31678D814FA99B57C308 /* pgm_Localizable_pl.json */ = {isa = PBXFileReference; explicitFileType = undefined; fileEncoding = 9; includeInIndex = 0; lastKnownFileType = unknown; path = pgm_Localizable_pl.json; sourceTree = "<group>"; };
		C4ACD9AF5CA04B04B6E0D90C /* pgm_Localizable_de.json */ = {isa = PBXFileReference; explicitFileType = undefined; fileEncoding = 9; includeInIndex = 0; lastKnownFileType = unknown; path = pgm_Localizable_de.json; sourceTree = "<group>"; };
		C6B4C978A3104CB491DCC1DC /* LineSDK-Bridging-Header.h */ = {isa = PBXFileReference; explicitFileType = undefined; fileEncoding = 4; includeInIndex = 0; lastKnownFileType = sourcecode.c.h; name = "LineSDK-Bridging-Header.h"; path = "cordova-line-login-plugin/LineSDK-Bridging-Header.h"; sourceTree = "<group>"; };
		C6C14B9ADB9C4146864AC039 /* TBXML.h */ = {isa = PBXFileReference; explicitFileType = undefined; fileEncoding = 4; includeInIndex = 0; lastKnownFileType = sourcecode.c.h; name = TBXML.h; path = "cordova-plugin-googlemaps/TBXML.h"; sourceTree = "<group>"; };
		C8FA9DA36F0F4886BF4B204E /* pgm_Localizable_ar.json */ = {isa = PBXFileReference; explicitFileType = undefined; fileEncoding = 9; includeInIndex = 0; lastKnownFileType = unknown; path = pgm_Localizable_ar.json; sourceTree = "<group>"; };
		CB5783D4E9BD480BAA02DF09 /* PluginMarker.m */ = {isa = PBXFileReference; explicitFileType = undefined; fileEncoding = 4; includeInIndex = 0; lastKnownFileType = sourcecode.c.objc; name = PluginMarker.m; path = "cordova-plugin-googlemaps/PluginMarker.m"; sourceTree = "<group>"; };
		CCBDC0913EB34B4C8D631278 /* PluginEnvironment.m */ = {isa = PBXFileReference; explicitFileType = undefined; fileEncoding = 4; includeInIndex = 0; lastKnownFileType = sourcecode.c.objc; name = PluginEnvironment.m; path = "cordova-plugin-googlemaps/PluginEnvironment.m"; sourceTree = "<group>"; };
		D045CCA6D62F425F9D275028 /* CDVLocation.m */ = {isa = PBXFileReference; explicitFileType = undefined; fileEncoding = 4; includeInIndex = 0; lastKnownFileType = sourcecode.c.objc; name = CDVLocation.m; path = "cordova-plugin-geolocation/CDVLocation.m"; sourceTree = "<group>"; };
		D0ECFC1103344D3895EDEC8E /* IONAssetHandler.h */ = {isa = PBXFileReference; explicitFileType = undefined; fileEncoding = 4; includeInIndex = 0; lastKnownFileType = sourcecode.c.h; name = IONAssetHandler.h; path = "cordova-plugin-ionic-webview/IONAssetHandler.h"; sourceTree = "<group>"; };
		D11013D86C0941D4B1F97836 /* MyPluginLayer.m */ = {isa = PBXFileReference; explicitFileType = undefined; fileEncoding = 4; includeInIndex = 0; lastKnownFileType = sourcecode.c.objc; name = MyPluginLayer.m; path = "cordova-plugin-googlemaps/MyPluginLayer.m"; sourceTree = "<group>"; };
		D337CB0503D55494F452E0CE /* LineSDK.framework */ = {isa = PBXFileReference; includeInIndex = 1; lastKnownFileType = wrapper.framework; name = LineSDK.framework; path = Carthage/Build/iOS/LineSDK.framework; sourceTree = SOURCE_ROOT; };
		D5BD545C4B46446FB46F7910 /* PluginTileOverlay.m */ = {isa = PBXFileReference; explicitFileType = undefined; fileEncoding = 4; includeInIndex = 0; lastKnownFileType = sourcecode.c.objc; name = PluginTileOverlay.m; path = "cordova-plugin-googlemaps/PluginTileOverlay.m"; sourceTree = "<group>"; };
		D7BBABC6D01B4C669BAA0A29 /* libc++.tbd */ = {isa = PBXFileReference; explicitFileType = undefined; fileEncoding = 9; includeInIndex = 0; lastKnownFileType = "sourcecode.text-based-dylib-definition"; name = "libc++.tbd"; path = "usr/lib/libc++.tbd"; sourceTree = SDKROOT; };
		DB0E5064B38447A3AB1975A4 /* UIImageCache.m */ = {isa = PBXFileReference; explicitFileType = undefined; fileEncoding = 4; includeInIndex = 0; lastKnownFileType = sourcecode.c.objc; name = UIImageCache.m; path = "cordova-plugin-googlemaps/UIImageCache.m"; sourceTree = "<group>"; };
		DDF83E7AC280426DA782A98B /* CDVWKProcessPoolFactory.m */ = {isa = PBXFileReference; explicitFileType = undefined; fileEncoding = 4; includeInIndex = 0; lastKnownFileType = sourcecode.c.objc; name = CDVWKProcessPoolFactory.m; path = "cordova-plugin-ionic-webview/CDVWKProcessPoolFactory.m"; sourceTree = "<group>"; };
		DF1CCF132FA44FADAC57AAA7 /* CDVWKWebViewEngine.m */ = {isa = PBXFileReference; explicitFileType = undefined; fileEncoding = 4; includeInIndex = 0; lastKnownFileType = sourcecode.c.objc; name = CDVWKWebViewEngine.m; path = "cordova-plugin-ionic-webview/CDVWKWebViewEngine.m"; sourceTree = "<group>"; };
		DFB54825249A425C89BC9DFB /* CoreImage.framework */ = {isa = PBXFileReference; explicitFileType = undefined; fileEncoding = 9; includeInIndex = 0; lastKnownFileType = wrapper.framework; name = CoreImage.framework; path = System/Library/Frameworks/CoreImage.framework; sourceTree = SDKROOT; };
		E7B86F8E633748A7B8E49147 /* pgm_Localizable_en.json */ = {isa = PBXFileReference; explicitFileType = undefined; fileEncoding = 9; includeInIndex = 0; lastKnownFileType = unknown; path = pgm_Localizable_en.json; sourceTree = "<group>"; };
		EB87FDF31871DA8E0020F90C /* www */ = {isa = PBXFileReference; lastKnownFileType = folder; name = www; path = ../../www; sourceTree = "<group>"; };
		EB87FDF41871DAF40020F90C /* config.xml */ = {isa = PBXFileReference; lastKnownFileType = text.xml; name = config.xml; path = ../../config.xml; sourceTree = "<group>"; };
		EB97370CC82749E4B80243F7 /* OneSignalPush.h */ = {isa = PBXFileReference; explicitFileType = undefined; fileEncoding = 4; includeInIndex = 0; lastKnownFileType = sourcecode.c.h; name = OneSignalPush.h; path = "onesignal-cordova-plugin/OneSignalPush.h"; sourceTree = "<group>"; };
		ED33DF2A687741AEAF9F8254 /* Bridging-Header.h */ = {isa = PBXFileReference; fileEncoding = 4; lastKnownFileType = sourcecode.c.h; path = "Bridging-Header.h"; sourceTree = "<group>"; };
		F0546EE30A544947957EA520 /* QuartzCore.framework */ = {isa = PBXFileReference; explicitFileType = undefined; fileEncoding = 9; includeInIndex = 0; lastKnownFileType = wrapper.framework; name = QuartzCore.framework; path = System/Library/Frameworks/QuartzCore.framework; sourceTree = SDKROOT; };
		F122531974FB4074BFC3C2C4 /* PluginStreetViewPanorama.m */ = {isa = PBXFileReference; explicitFileType = undefined; fileEncoding = 4; includeInIndex = 0; lastKnownFileType = sourcecode.c.objc; name = PluginStreetViewPanorama.m; path = "cordova-plugin-googlemaps/PluginStreetViewPanorama.m"; sourceTree = "<group>"; };
		F1DD83DAA9E34942AFD059AF /* pgm_Localizable_fr.json */ = {isa = PBXFileReference; explicitFileType = undefined; fileEncoding = 9; includeInIndex = 0; lastKnownFileType = unknown; path = pgm_Localizable_fr.json; sourceTree = "<group>"; };
		F243FFA34D25A41A289013D6 /* Pods-just-q-merchant.release.xcconfig */ = {isa = PBXFileReference; includeInIndex = 1; lastKnownFileType = text.xcconfig; name = "Pods-just-q-merchant.release.xcconfig"; path = "Target Support Files/Pods-just-q-merchant/Pods-just-q-merchant.release.xcconfig"; sourceTree = "<group>"; };
		F32166FA07554EA6B9FC51C8 /* pgm_Localizable_nl.json */ = {isa = PBXFileReference; explicitFileType = undefined; fileEncoding = 9; includeInIndex = 0; lastKnownFileType = unknown; path = pgm_Localizable_nl.json; sourceTree = "<group>"; };
		F37FD145D8DE4A8EA302575B /* PluginPolyline.h */ = {isa = PBXFileReference; explicitFileType = undefined; fileEncoding = 4; includeInIndex = 0; lastKnownFileType = sourcecode.c.h; name = PluginPolyline.h; path = "cordova-plugin-googlemaps/PluginPolyline.h"; sourceTree = "<group>"; };
		F432379A6A64492CBCFB7A65 /* CDVDevice.h */ = {isa = PBXFileReference; explicitFileType = undefined; fileEncoding = 4; includeInIndex = 0; lastKnownFileType = sourcecode.c.h; name = CDVDevice.h; path = "cordova-plugin-device/CDVDevice.h"; sourceTree = "<group>"; };
		F48D66491CA7496592160D29 /* GoogleMaps.bundle */ = {isa = PBXFileReference; explicitFileType = undefined; fileEncoding = 9; includeInIndex = 0; lastKnownFileType = "wrapper.plug-in"; path = GoogleMaps.bundle; sourceTree = "<group>"; };
		F840E1F0165FE0F500CFE078 /* config.xml */ = {isa = PBXFileReference; lastKnownFileType = text.xml; name = config.xml; path = "just-q-merchant/config.xml"; sourceTree = "<group>"; };
		F969A12AF2BE4040AD513161 /* PluginGeocoder.h */ = {isa = PBXFileReference; explicitFileType = undefined; fileEncoding = 4; includeInIndex = 0; lastKnownFileType = sourcecode.c.h; name = PluginGeocoder.h; path = "cordova-plugin-googlemaps/PluginGeocoder.h"; sourceTree = "<group>"; };
		FB1CE131B07B41C993480EC9 /* Accelerate.framework */ = {isa = PBXFileReference; explicitFileType = undefined; fileEncoding = 9; includeInIndex = 0; lastKnownFileType = wrapper.framework; name = Accelerate.framework; path = System/Library/Frameworks/Accelerate.framework; sourceTree = SDKROOT; };
		FD1D0AFDF9814289A2F507C7 /* PluginGeocoder.m */ = {isa = PBXFileReference; explicitFileType = undefined; fileEncoding = 4; includeInIndex = 0; lastKnownFileType = sourcecode.c.objc; name = PluginGeocoder.m; path = "cordova-plugin-googlemaps/PluginGeocoder.m"; sourceTree = "<group>"; };
		FFFE9DFBB6A847DDABBA677F /* PluginCircle.m */ = {isa = PBXFileReference; explicitFileType = undefined; fileEncoding = 4; includeInIndex = 0; lastKnownFileType = sourcecode.c.objc; name = PluginCircle.m; path = "cordova-plugin-googlemaps/PluginCircle.m"; sourceTree = "<group>"; };
/* End PBXFileReference section */

/* Begin PBXFrameworksBuildPhase section */
		1D60588F0D05DD3D006BFB54 /* Frameworks */ = {
			isa = PBXFrameworksBuildPhase;
			buildActionMask = 2147483647;
			files = (
				301BF552109A68D80062928A /* libCordova.a in Frameworks */,
				428571CECB354A929A0CC5F8 /* WebKit.framework in Frameworks */,
				A63F71130535DEBDA3FBDAE2 /* Pods_just_q_merchant.framework in Frameworks */,
				901992975B0548ECBE548492 /* Accelerate.framework in Frameworks */,
				C06DA5A1ABE1415EA9C928FD /* CoreData.framework in Frameworks */,
				93CDAFD6AC214FCBB5F91AE1 /* CoreLocation.framework in Frameworks */,
				AAFD419D3CD84AD099F90813 /* CoreTelephony.framework in Frameworks */,
				EA98495D7CA14B96AB38D678 /* CoreText.framework in Frameworks */,
				82BF93EE89D14D82B6B55486 /* CoreImage.framework in Frameworks */,
				B621F07E8E1D447C818830CF /* GLKit.framework in Frameworks */,
				5DC34EEE6E2F44899ED59953 /* ImageIO.framework in Frameworks */,
				1376D9BD71D4476182D743D2 /* libc++.tbd in Frameworks */,
				9EECD253909E4929BF055AC7 /* libz.tbd in Frameworks */,
				95C96281F35B4455A1D44C9C /* OpenGLES.framework in Frameworks */,
				EFD474D8BB184C16BDD1741A /* QuartzCore.framework in Frameworks */,
				D7D260776F81470284851460 /* SystemConfiguration.framework in Frameworks */,
				8755576456604516A138E423 /* UIKit.framework in Frameworks */,
				4F20893DF3B545D8A5276083 /* GoogleMapsBase.framework in Frameworks */,
				4450ECB02810483D99E54F11 /* GoogleMaps.framework in Frameworks */,
				DB86427B177945199772FE7A /* GoogleMapsCore.framework in Frameworks */,
				D63A16BA3C8E9D8FFB4D2959 /* LineSDK.framework in Frameworks */,
				C847D30802FA65200F37B813 /* LineSDKObjC.framework in Frameworks */,
			);
			runOnlyForDeploymentPostprocessing = 0;
		};
/* End PBXFrameworksBuildPhase section */

/* Begin PBXGroup section */
		080E96DDFE201D6D7F000001 /* Classes */ = {
			isa = PBXGroup;
			children = (
				302D95EE14D2391D003F00A1 /* MainViewController.h */,
				302D95EF14D2391D003F00A1 /* MainViewController.m */,
				302D95F014D2391D003F00A1 /* MainViewController.xib */,
				1D3623240D0F684500981E51 /* AppDelegate.h */,
				1D3623250D0F684500981E51 /* AppDelegate.m */,
			);
			name = Classes;
			path = "just-q-merchant/Classes";
			sourceTree = SOURCE_ROOT;
		};
		09E6E5A02476EBAD00AEDFA9 /* Recovered References */ = {
			isa = PBXGroup;
			children = (
				44076F2DB4E035726152DC46 /* LineSDK.framework */,
				9C767FDBC1CF7C1ECBA526F9 /* LineSDKObjC.framework */,
				D337CB0503D55494F452E0CE /* LineSDK.framework */,
				1CE463540C85DEF3207EC701 /* LineSDKObjC.framework */,
			);
			name = "Recovered References";
			sourceTree = "<group>";
		};
		19C28FACFE9D520D11CA2CBB /* Products */ = {
			isa = PBXGroup;
			children = (
				1D6058910D05DD3D006BFB54 /* จัดคิว.app */,
			);
			name = Products;
			sourceTree = "<group>";
		};
		29B97314FDCFA39411CA2CEA /* CustomTemplate */ = {
			isa = PBXGroup;
			children = (
				EB87FDF41871DAF40020F90C /* config.xml */,
				EB87FDF31871DA8E0020F90C /* www */,
				EB87FDF11871DA420020F90C /* Staging */,
				301BF52D109A57CC0062928A /* CordovaLib.xcodeproj */,
				080E96DDFE201D6D7F000001 /* Classes */,
				307C750510C5A3420062BCA9 /* Plugins */,
				29B97315FDCFA39411CA2CEA /* Other Sources */,
				29B97317FDCFA39411CA2CEA /* Resources */,
				29B97323FDCFA39411CA2CEA /* Frameworks */,
				19C28FACFE9D520D11CA2CBB /* Products */,
				09E6E5A02476EBAD00AEDFA9 /* Recovered References */,
				9126CFB7008F410C17E6683F /* Pods */,
			);
			name = CustomTemplate;
			sourceTree = "<group>";
		};
		29B97315FDCFA39411CA2CEA /* Other Sources */ = {
			isa = PBXGroup;
			children = (
				32CA4F630368D1EE00C91783 /* just-q-merchant-Prefix.pch */,
				29B97316FDCFA39411CA2CEA /* main.m */,
				ED33DF2A687741AEAF9F8254 /* Bridging-Header.h */,
			);
			name = "Other Sources";
			path = "just-q-merchant";
			sourceTree = "<group>";
		};
		29B97317FDCFA39411CA2CEA /* Resources */ = {
			isa = PBXGroup;
			children = (
				0207DA571B56EA530066E2B4 /* Images.xcassets */,
				3047A50E1AB8057F00498E2A /* config */,
				8D1107310486CEB800E47090 /* just-q-merchant-Info.plist */,
				6AFF5BF81D6E424B00AB3073 /* CDVLaunchScreen.storyboard */,
				F48D66491CA7496592160D29 /* GoogleMaps.bundle */,
				E7B86F8E633748A7B8E49147 /* pgm_Localizable_en.json */,
				24B07CE93C5D40D7BEB57EA7 /* pgm_Localizable_es.json */,
				2D5AA8F8F569411BBC367C5B /* pgm_Localizable_ja.json */,
				7F4C4AF463534FF2AF3198F3 /* pgm_Localizable_ru.json */,
				63FD17B10E4843E4811ECF9B /* pgm_Localizable_uk.json */,
				2B78141EAC704E879F47691E /* pgm_Localizable_pt-BR.json */,
				C4ACD9AF5CA04B04B6E0D90C /* pgm_Localizable_de.json */,
				F1DD83DAA9E34942AFD059AF /* pgm_Localizable_fr.json */,
				BD767B2D1B984B26959AC840 /* pgm_Localizable_hi.json */,
				C8FA9DA36F0F4886BF4B204E /* pgm_Localizable_ar.json */,
				F32166FA07554EA6B9FC51C8 /* pgm_Localizable_nl.json */,
				C37D31678D814FA99B57C308 /* pgm_Localizable_pl.json */,
				B4D2AE19D18446368BCFC420 /* pgm_Localizable_da.json */,
				1B129B41A50140F18E989B23 /* pgm_Localizable_vi.json */,
			);
			name = Resources;
			path = "just-q-merchant/Resources";
			sourceTree = "<group>";
		};
		29B97323FDCFA39411CA2CEA /* Frameworks */ = {
			isa = PBXGroup;
			children = (
				A77A1CB11F5446B39586C47E /* WebKit.framework */,
				60856E1610EFB713023AA095 /* Pods_just_q_merchant.framework */,
				FB1CE131B07B41C993480EC9 /* Accelerate.framework */,
				B7E8024AED2047D79934B3CF /* CoreData.framework */,
				05D3F2BEACA648879DCCD212 /* CoreLocation.framework */,
				0C507AB6BD974E86AD122AB9 /* CoreTelephony.framework */,
				B314CBBC88264E49AA131704 /* CoreText.framework */,
				DFB54825249A425C89BC9DFB /* CoreImage.framework */,
				17366CE93DFA4506B3E5040A /* GLKit.framework */,
				9DDDE52129154EA7BCC43C87 /* ImageIO.framework */,
				D7BBABC6D01B4C669BAA0A29 /* libc++.tbd */,
				06D250BDDCBD4C0B8190ECFC /* libz.tbd */,
				27FF73C5A7064A18AFD2A47A /* OpenGLES.framework */,
				F0546EE30A544947957EA520 /* QuartzCore.framework */,
				76983A2B09FD40109A877E4A /* SystemConfiguration.framework */,
				1F33BB2C40A4428B9FCD2CA4 /* UIKit.framework */,
				5E485595C95A470399942F32 /* GoogleMapsBase.framework */,
				4EE4AD82E35549FC8F204FC7 /* GoogleMaps.framework */,
				372387D48C334AE1A7BBFDEF /* GoogleMapsCore.framework */,
			);
			name = Frameworks;
			sourceTree = "<group>";
		};
		301BF52E109A57CC0062928A /* Products */ = {
			isa = PBXGroup;
			children = (
				301BF535109A57CC0062928A /* libCordova.a */,
				907D8124214C687600058A10 /* Cordova.framework */,
			);
			name = Products;
			sourceTree = "<group>";
		};
		3047A50E1AB8057F00498E2A /* config */ = {
			isa = PBXGroup;
			children = (
				3047A50F1AB8059700498E2A /* build-debug.xcconfig */,
				3047A5101AB8059700498E2A /* build-release.xcconfig */,
				3047A5111AB8059700498E2A /* build.xcconfig */,
			);
			name = config;
			sourceTree = "<group>";
		};
		307C750510C5A3420062BCA9 /* Plugins */ = {
			isa = PBXGroup;
			children = (
				6F655EB2C7E6415DBEE53075 /* CDVDevice.m */,
				F432379A6A64492CBCFB7A65 /* CDVDevice.h */,
				545606F670B94C81BBEAF3C1 /* CDVIonicKeyboard.m */,
				3AE598D0809347ADAE5DDCF6 /* CDVIonicKeyboard.h */,
				DF1CCF132FA44FADAC57AAA7 /* CDVWKWebViewEngine.m */,
				13B967355AFC4300AC790E6C /* CDVWKWebViewUIDelegate.m */,
				DDF83E7AC280426DA782A98B /* CDVWKProcessPoolFactory.m */,
				568B4B3896E34AE2AD82D616 /* IONAssetHandler.m */,
				290CF6DA3EBE4AD6A95DEB36 /* CDVWKWebViewEngine.h */,
				970F18B710B545DD84F31391 /* CDVWKWebViewUIDelegate.h */,
				137ED7552D654958B714949C /* CDVWKProcessPoolFactory.h */,
				D0ECFC1103344D3895EDEC8E /* IONAssetHandler.h */,
				9F7D56B732B8485280847EF8 /* CDVSplashScreen.m */,
				835A6F35C9B5404A9B108205 /* CDVViewController+SplashScreen.m */,
				47D235D8EDAB4CFC80648111 /* CDVSplashScreen.h */,
				630234B804634DD9AB5DB088 /* CDVViewController+SplashScreen.h */,
				7D123DC2CA9141F68C062619 /* CDVStatusBar.m */,
				52F2B93979E64E53B4A91F26 /* CDVStatusBar.h */,
				AC8A6EEFF17B47FAAA874A92 /* SQLitePlugin.m */,
				0F5D6CDF107E47F6A425D365 /* CustomPSPDFThreadSafeMutableDictionary.m */,
				3DD08F6DB73C44098A5E89DC /* sqlite3.c */,
				2759456123B2488A82F8FA86 /* SQLitePlugin.h */,
				3415A308D3634FB5B7B3CB9F /* sqlite3.h */,
				6EC73FF97DCF4EA2A1E11515 /* NativeStorage.m */,
				6D4D217D9C27461D87ABC144 /* NativeStorage.h */,
				9EFCE41BFD114BB5A2888D56 /* AppDelegate+LineLogin.h */,
				9D1D2F0296494A5CA2B119D5 /* AppDelegate+LineLogin.m */,
				053843CEFF0549759CCE908D /* LineLogin.swift */,
				C6B4C978A3104CB491DCC1DC /* LineSDK-Bridging-Header.h */,
				4DDF733F9346411C9D31509A /* FacebookConnectPlugin.m */,
				20A900EF006B4A92BD00BDC6 /* FacebookConnectPlugin.h */,
				3EC93236888A4D3B976EFB9B /* PluginObjects.m */,
				FFFE9DFBB6A847DDABBA677F /* PluginCircle.m */,
				FD1D0AFDF9814289A2F507C7 /* PluginGeocoder.m */,
				7EFC635AC4694121B2B8CB0E /* PluginLocationService.m */,
				6653EC19CBBD4D9E8B1CB066 /* PluginElevationService.m */,
				6883BDDF6FD448B8A980BA12 /* PluginDirectionsService.m */,
				CCBDC0913EB34B4C8D631278 /* PluginEnvironment.m */,
				3C122E3F162B49879B2C31D9 /* CordovaGoogleMaps.m */,
				573C24D8A57D4BA78D878151 /* PluginMapViewController.m */,
				311CF88D89394246B6D20706 /* PluginGroundOverlay.m */,
				BD83B474EFD5405A92CCC214 /* PluginKmlOverlay.m */,
				B6A9D208BEB745349DD6DE43 /* PluginMap.m */,
				CB5783D4E9BD480BAA02DF09 /* PluginMarker.m */,
				0EB431D700A149DF9E305D4B /* PluginUtil.m */,
				BCD9736F1E5445B4A76AB3D9 /* PluginPolygon.m */,
				71112018DFE944B49D338610 /* PluginPolyline.m */,
				29E8CA9428F040F08CF95F8A /* PluginTileProvider.m */,
				76B968D794F44F6C9589518B /* TBXML.m */,
				D5BD545C4B46446FB46F7910 /* PluginTileOverlay.m */,
				BF57573A4EC14315933DE8E3 /* GMSCoordinateBounds+Geometry.m */,
				D11013D86C0941D4B1F97836 /* MyPluginLayer.m */,
				582F94F2F9254AA7A7EC3EB8 /* MyPluginScrollView.m */,
				A4536866A22A49B78B8257B5 /* PluginMarkerCluster.m */,
				DB0E5064B38447A3AB1975A4 /* UIImageCache.m */,
				F122531974FB4074BFC3C2C4 /* PluginStreetViewPanorama.m */,
				AC6DB4B57B0F4B599A16680E /* PluginStreetViewPanoramaController.m */,
				8FFF1BBC011E4C7285ACB2D0 /* PluginViewController.m */,
				BF5CD2FAAA7947EF916343F1 /* PluginObjects.h */,
				AF734E5307A44EF0B80F4374 /* PluginCircle.h */,
				F969A12AF2BE4040AD513161 /* PluginGeocoder.h */,
				81B84AF4C8D74284B37F03CF /* PluginLocationService.h */,
				547A2A84274A4875A328F13A /* PluginElevationService.h */,
				0BCBD93CBED2462FA98C7C5C /* PluginDirectionsService.h */,
				76D451302B3943A9876D6900 /* PluginEnvironment.h */,
				950BD26F16BE43A38B2BAF97 /* CordovaGoogleMaps.h */,
				0B4BBE9E846E4C048DA1F938 /* PluginMapViewController.h */,
				A6AE872C29FF4E2D8907179B /* PluginGroundOverlay.h */,
				B451ACDBA5A24E0C94DDE93B /* PluginKmlOverlay.h */,
				8FD53351CE3F43AE82699D1B /* PluginMap.h */,
				A5C15269AE0D4F6B96836870 /* PluginMarker.h */,
				1BAB8E9650774570AD5F5934 /* PluginUtil.h */,
				AA09EFE9442B4352B51A738B /* PluginPolygon.h */,
				F37FD145D8DE4A8EA302575B /* PluginPolyline.h */,
				6382DD2982BE48DDA876BBE8 /* PluginTileProvider.h */,
				C6C14B9ADB9C4146864AC039 /* TBXML.h */,
				1BF335BD2CA041988C4159CE /* PluginTileOverlay.h */,
				2DB7C88A256C406C8C02870F /* GMSCoordinateBounds+Geometry.h */,
				243C05C568EA4391ADCD2964 /* MyPluginLayer.h */,
				2F3CD5F3B56F4DBD9D86E994 /* MyPluginScrollView.h */,
				20808E63862441159095CC24 /* PluginMarkerCluster.h */,
				1C61148FA312424D9A03DCFB /* UIImageCache.h */,
				54C81CF95F5A425EB88975A3 /* PluginStreetViewPanorama.h */,
				AE9CC4500D1B4230B4F99AD9 /* PluginStreetViewPanoramaController.h */,
				25988C418BF44E5D887D5306 /* PluginViewController.h */,
				7F791ADA5EEF4CA49B453C8B /* IPluginView.h */,
				778BB46DA92447B7B39C3F3E /* IPluginProtocol.h */,
				D045CCA6D62F425F9D275028 /* CDVLocation.m */,
				234FF72659BD4DA6B11BAE04 /* CDVLocation.h */,
				99033B9CF2A94997A44256AF /* OneSignalPush.m */,
				EB97370CC82749E4B80243F7 /* OneSignalPush.h */,
			);
			name = Plugins;
			path = "just-q-merchant/Plugins";
			sourceTree = SOURCE_ROOT;
		};
		9126CFB7008F410C17E6683F /* Pods */ = {
			isa = PBXGroup;
			children = (
				00A85BE3B2F40907462669F5 /* Pods-just-q-merchant.debug.xcconfig */,
				F243FFA34D25A41A289013D6 /* Pods-just-q-merchant.release.xcconfig */,
			);
			path = Pods;
			sourceTree = "<group>";
		};
		EB87FDF11871DA420020F90C /* Staging */ = {
			isa = PBXGroup;
			children = (
				F840E1F0165FE0F500CFE078 /* config.xml */,
				301BF56E109A69640062928A /* www */,
			);
			name = Staging;
			sourceTree = "<group>";
		};
/* End PBXGroup section */

/* Begin PBXNativeTarget section */
		1D6058900D05DD3D006BFB54 /* just-q-merchant */ = {
			isa = PBXNativeTarget;
			buildConfigurationList = 1D6058960D05DD3E006BFB54 /* Build configuration list for PBXNativeTarget "just-q-merchant" */;
			buildPhases = (
				9323A91D75AD45FAB1EB9359 /* [CP] Check Pods Manifest.lock */,
				304B58A110DAC018002A0835 /* Copy www directory */,
				1D60588D0D05DD3D006BFB54 /* Resources */,
				1D60588E0D05DD3D006BFB54 /* Sources */,
				1D60588F0D05DD3D006BFB54 /* Frameworks */,
				C2DDC16F9D062312F9A47543 /* Cordova Plugin Carthage Run Script */,
				24BEF50B5C5C15B31451C6C9 /* [CP] Embed Pods Frameworks */,
			);
			buildRules = (
			);
			dependencies = (
				301BF551109A68C00062928A /* PBXTargetDependency */,
			);
			name = "just-q-merchant";
			productName = "just-q-merchant";
			productReference = 1D6058910D05DD3D006BFB54 /* จัดคิว.app */;
			productType = "com.apple.product-type.application";
		};
/* End PBXNativeTarget section */

/* Begin PBXProject section */
		29B97313FDCFA39411CA2CEA /* Project object */ = {
			isa = PBXProject;
			attributes = {
				LastUpgradeCheck = 510;
				TargetAttributes = {
					1D6058900D05DD3D006BFB54 = {
						DevelopmentTeam = 755MB56WK5;
						ProvisioningStyle = Automatic;
					};
				};
			};
			buildConfigurationList = C01FCF4E08A954540054247B /* Build configuration list for PBXProject "just-q-merchant" */;
			compatibilityVersion = "Xcode 3.2";
			developmentRegion = English;
			hasScannedForEncodings = 1;
			knownRegions = (
				English,
				en,
				Base,
			);
			mainGroup = 29B97314FDCFA39411CA2CEA /* CustomTemplate */;
			productRefGroup = 19C28FACFE9D520D11CA2CBB /* Products */;
			projectDirPath = "";
			projectReferences = (
				{
					ProductGroup = 301BF52E109A57CC0062928A /* Products */;
					ProjectRef = 301BF52D109A57CC0062928A /* CordovaLib.xcodeproj */;
				},
			);
			projectRoot = "";
			targets = (
				1D6058900D05DD3D006BFB54 /* just-q-merchant */,
			);
		};
/* End PBXProject section */

/* Begin PBXReferenceProxy section */
		301BF535109A57CC0062928A /* libCordova.a */ = {
			isa = PBXReferenceProxy;
			fileType = archive.ar;
			path = libCordova.a;
			remoteRef = 301BF534109A57CC0062928A /* PBXContainerItemProxy */;
			sourceTree = BUILT_PRODUCTS_DIR;
		};
		907D8124214C687600058A10 /* Cordova.framework */ = {
			isa = PBXReferenceProxy;
			fileType = wrapper.framework;
			path = Cordova.framework;
			remoteRef = 907D8123214C687600058A10 /* PBXContainerItemProxy */;
			sourceTree = BUILT_PRODUCTS_DIR;
		};
/* End PBXReferenceProxy section */

/* Begin PBXResourcesBuildPhase section */
		1D60588D0D05DD3D006BFB54 /* Resources */ = {
			isa = PBXResourcesBuildPhase;
			buildActionMask = 2147483647;
			files = (
				302D95F214D2391D003F00A1 /* MainViewController.xib in Resources */,
				0207DA581B56EA530066E2B4 /* Images.xcassets in Resources */,
				6AFF5BF91D6E424B00AB3073 /* CDVLaunchScreen.storyboard in Resources */,
				6E503B79E88447D582925B2F /* GoogleMaps.bundle in Resources */,
				9185D583083F4DDFBD1BB230 /* pgm_Localizable_en.json in Resources */,
				C95BA2D0621D486BA716C087 /* pgm_Localizable_es.json in Resources */,
				EFF6127B764847C8B98722EC /* pgm_Localizable_ja.json in Resources */,
				D3AB296B5388493E9AC60C57 /* pgm_Localizable_ru.json in Resources */,
				22B14F8CE78F40E4AF02833A /* pgm_Localizable_uk.json in Resources */,
				9C9D1572088D4F118A7A0DFA /* pgm_Localizable_pt-BR.json in Resources */,
				16661B76513347F1BF86DE65 /* pgm_Localizable_de.json in Resources */,
				2511A5E12E1F4F1089C1DEBD /* pgm_Localizable_fr.json in Resources */,
				B10F43C2A275461BB4F7C09A /* pgm_Localizable_hi.json in Resources */,
				EC4B059DD6F94639BA13DD5F /* pgm_Localizable_ar.json in Resources */,
				62AB2CC9310B4D53A829E338 /* pgm_Localizable_nl.json in Resources */,
				9978B38A7F604AA49CB47C7B /* pgm_Localizable_pl.json in Resources */,
				4276B7A9D9834205B6CF53FC /* pgm_Localizable_da.json in Resources */,
				47427694BE9D4190BF8D0903 /* pgm_Localizable_vi.json in Resources */,
			);
			runOnlyForDeploymentPostprocessing = 0;
		};
/* End PBXResourcesBuildPhase section */

/* Begin PBXShellScriptBuildPhase section */
		24BEF50B5C5C15B31451C6C9 /* [CP] Embed Pods Frameworks */ = {
			isa = PBXShellScriptBuildPhase;
			buildActionMask = 2147483647;
			files = (
			);
			inputPaths = (
				"${PODS_ROOT}/Target Support Files/Pods-just-q-merchant/Pods-just-q-merchant-frameworks.sh",
				"${BUILT_PRODUCTS_DIR}/FBSDKCoreKit/FBSDKCoreKit.framework",
				"${BUILT_PRODUCTS_DIR}/FBSDKLoginKit/FBSDKLoginKit.framework",
				"${BUILT_PRODUCTS_DIR}/FBSDKShareKit/FBSDKShareKit.framework",
			);
			name = "[CP] Embed Pods Frameworks";
			outputPaths = (
				"${TARGET_BUILD_DIR}/${FRAMEWORKS_FOLDER_PATH}/FBSDKCoreKit.framework",
				"${TARGET_BUILD_DIR}/${FRAMEWORKS_FOLDER_PATH}/FBSDKLoginKit.framework",
				"${TARGET_BUILD_DIR}/${FRAMEWORKS_FOLDER_PATH}/FBSDKShareKit.framework",
			);
			runOnlyForDeploymentPostprocessing = 0;
			shellPath = /bin/sh;
			shellScript = "\"${PODS_ROOT}/Target Support Files/Pods-just-q-merchant/Pods-just-q-merchant-frameworks.sh\"\n";
			showEnvVarsInLog = 0;
		};
		304B58A110DAC018002A0835 /* Copy www directory */ = {
			isa = PBXShellScriptBuildPhase;
			buildActionMask = 2147483647;
			files = (
			);
			inputPaths = (
			);
			name = "Copy www directory";
			outputPaths = (
			);
			runOnlyForDeploymentPostprocessing = 0;
			shellPath = /bin/sh;
			shellScript = "\"$SRCROOT/just-q-merchant/Scripts/copy-www-build-step.sh\"";
			showEnvVarsInLog = 0;
		};
		9323A91D75AD45FAB1EB9359 /* [CP] Check Pods Manifest.lock */ = {
			isa = PBXShellScriptBuildPhase;
			buildActionMask = 2147483647;
			files = (
			);
			inputFileListPaths = (
			);
			inputPaths = (
				"${PODS_PODFILE_DIR_PATH}/Podfile.lock",
				"${PODS_ROOT}/Manifest.lock",
			);
			name = "[CP] Check Pods Manifest.lock";
			outputFileListPaths = (
			);
			outputPaths = (
				"$(DERIVED_FILE_DIR)/Pods-just-q-merchant-checkManifestLockResult.txt",
			);
			runOnlyForDeploymentPostprocessing = 0;
			shellPath = /bin/sh;
			shellScript = "diff \"${PODS_PODFILE_DIR_PATH}/Podfile.lock\" \"${PODS_ROOT}/Manifest.lock\" > /dev/null\nif [ $? != 0 ] ; then\n    # print error to STDERR\n    echo \"error: The sandbox is not in sync with the Podfile.lock. Run 'pod install' or update your CocoaPods installation.\" >&2\n    exit 1\nfi\n# This output is used by Xcode 'outputs' to avoid re-running this script phase.\necho \"SUCCESS\" > \"${SCRIPT_OUTPUT_FILE_0}\"\n";
			showEnvVarsInLog = 0;
		};
		C2DDC16F9D062312F9A47543 /* Cordova Plugin Carthage Run Script */ = {
			isa = PBXShellScriptBuildPhase;
			buildActionMask = 2147483647;
			files = (
			);
			inputFileListPaths = (
			);
			inputPaths = (
				"$(SRCROOT)/Carthage/Build/iOS/LineSDK.framework",
				"$(SRCROOT)/Carthage/Build/iOS/LineSDKObjC.framework",
			);
			name = "Cordova Plugin Carthage Run Script";
			outputFileListPaths = (
			);
			outputPaths = (
			);
			runOnlyForDeploymentPostprocessing = 0;
			shellPath = /bin/sh;
			shellScript = "/usr/local/bin/carthage copy-frameworks\n";
		};
/* End PBXShellScriptBuildPhase section */

/* Begin PBXSourcesBuildPhase section */
		1D60588E0D05DD3D006BFB54 /* Sources */ = {
			isa = PBXSourcesBuildPhase;
			buildActionMask = 2147483647;
			files = (
				1D60589B0D05DD56006BFB54 /* main.m in Sources */,
				1D3623260D0F684500981E51 /* AppDelegate.m in Sources */,
				302D95F114D2391D003F00A1 /* MainViewController.m in Sources */,
				843FF74067984972AE0FD8F3 /* CDVDevice.m in Sources */,
				8A1BB135C5B442F0BEE7EBB2 /* CDVIonicKeyboard.m in Sources */,
				BD68CD41259E42B7AD8B70A6 /* CDVWKWebViewEngine.m in Sources */,
				FDB89767D1274CA28BC737C2 /* CDVWKWebViewUIDelegate.m in Sources */,
				FDAA43E31E57492F9B9F8D4E /* CDVWKProcessPoolFactory.m in Sources */,
				0EDB01806F7E4D4A8B440431 /* IONAssetHandler.m in Sources */,
				614746ACE9F546A98874FE2C /* CDVSplashScreen.m in Sources */,
				688B8AF65CA644388D864A81 /* CDVViewController+SplashScreen.m in Sources */,
				1B497027ADE3411D91EAF591 /* CDVStatusBar.m in Sources */,
				EDB57A1AE161457DA13AA784 /* SQLitePlugin.m in Sources */,
				B2C03049BCBF4FEF99AD80BD /* CustomPSPDFThreadSafeMutableDictionary.m in Sources */,
				42BD5B379CF7452BAD79F58E /* sqlite3.c in Sources */,
				CA549BE33F49486E94768A98 /* NativeStorage.m in Sources */,
				3BF78FD8E857426BBC83DCF9 /* AppDelegate+LineLogin.h in Sources */,
				A71E29F3141F45D7A1CEE380 /* AppDelegate+LineLogin.m in Sources */,
				C6C76869642645DDBB02C2EA /* LineLogin.swift in Sources */,
				86DE57DC609444CFAF94AAC2 /* FacebookConnectPlugin.m in Sources */,
				AB8EC1F8A730435D99D1EA75 /* PluginObjects.m in Sources */,
				6D1E5B6A34EF409CB1622D16 /* PluginCircle.m in Sources */,
				35A3F6DF42A4458D85A8C4C5 /* PluginGeocoder.m in Sources */,
				1A40473989F64993A141C34E /* PluginLocationService.m in Sources */,
				D8B84273BF0040F697FB1912 /* PluginElevationService.m in Sources */,
				5C51F52DDE5B4204B0211135 /* PluginDirectionsService.m in Sources */,
				AF4E89CA5F3E4D2690599238 /* PluginEnvironment.m in Sources */,
				C0E7A026D80246C7BAC89979 /* CordovaGoogleMaps.m in Sources */,
				5E5B6C5B19B441B59B5AF2F3 /* PluginMapViewController.m in Sources */,
				13F2C24E813F442EA2C1E40A /* PluginGroundOverlay.m in Sources */,
				585EF4003300444E8C1DF716 /* PluginKmlOverlay.m in Sources */,
				7A60623ADD1B4856A4447BAA /* PluginMap.m in Sources */,
				275176CB4C394D22956C0B03 /* PluginMarker.m in Sources */,
				9F43DFBE9B104742A9320497 /* PluginUtil.m in Sources */,
				32E1D1986E3342DB9F25266A /* PluginPolygon.m in Sources */,
				074D94DAD35345189BD0AF4E /* PluginPolyline.m in Sources */,
				284D5CD881424A47B88D2ACE /* PluginTileProvider.m in Sources */,
				964A88DD6C284AC89C110A08 /* TBXML.m in Sources */,
				55DFB4297EC34A5DA27CEC26 /* PluginTileOverlay.m in Sources */,
				21EC40CF64B643858EDA37F5 /* GMSCoordinateBounds+Geometry.m in Sources */,
				3280C2025FF34008A1C2AADB /* MyPluginLayer.m in Sources */,
				8B86565D5FB2454AAF994F45 /* MyPluginScrollView.m in Sources */,
				F47BF403C8A94772B37E913A /* PluginMarkerCluster.m in Sources */,
				DB03100EDBD045259D1268C6 /* UIImageCache.m in Sources */,
				823EF1C756B94AA68BF65C52 /* PluginStreetViewPanorama.m in Sources */,
				0B0805F819F946859B337FC0 /* PluginStreetViewPanoramaController.m in Sources */,
				697D9BEC61E14860AD3BF70F /* PluginViewController.m in Sources */,
				CA5275E3A67548438F2CA1F2 /* CDVLocation.m in Sources */,
				9286A76824E84336A9FA39CE /* OneSignalPush.m in Sources */,
			);
			runOnlyForDeploymentPostprocessing = 0;
		};
/* End PBXSourcesBuildPhase section */

/* Begin PBXTargetDependency section */
		301BF551109A68C00062928A /* PBXTargetDependency */ = {
			isa = PBXTargetDependency;
			name = CordovaLib;
			targetProxy = 301BF550109A68C00062928A /* PBXContainerItemProxy */;
		};
/* End PBXTargetDependency section */

/* Begin XCBuildConfiguration section */
		1D6058940D05DD3E006BFB54 /* Debug */ = {
			isa = XCBuildConfiguration;
			baseConfigurationReference = 3047A50F1AB8059700498E2A /* build-debug.xcconfig */;
			buildSettings = {
				ALWAYS_SEARCH_USER_PATHS = NO;
				ASSETCATALOG_COMPILER_APPICON_NAME = AppIcon;
				ASSETCATALOG_COMPILER_LAUNCHIMAGE_NAME = LaunchImage;
				CLANG_ENABLE_MODULES = YES;
				CLANG_ENABLE_OBJC_ARC = YES;
				CODE_SIGN_IDENTITY = "Apple Development";
				CODE_SIGN_STYLE = Automatic;
				COPY_PHASE_STRIP = NO;
				CURRENT_PROJECT_VERSION = 1;
				DEVELOPMENT_TEAM = 755MB56WK5;
				FRAMEWORK_SEARCH_PATHS = (
					"$(inherited)",
					"$(PROJECT_DIR)/Carthage/Build/iOS",
					"\"just-q-merchant/Plugins/com.googlemaps.ios\"",
					"\"just-q-merchant/Plugins/com.googlemaps.ios\"",
					"\"just-q-merchant/Plugins/com.googlemaps.ios\"",
				);
				GCC_DYNAMIC_NO_PIC = NO;
				GCC_OPTIMIZATION_LEVEL = 0;
				GCC_PRECOMPILE_PREFIX_HEADER = YES;
				GCC_PREFIX_HEADER = "just-q-merchant/just-q-merchant-Prefix.pch";
				GCC_THUMB_SUPPORT = NO;
				GCC_VERSION = "";
				INFOPLIST_FILE = "just-q-merchant/just-q-merchant-Info.plist";
				IPHONEOS_DEPLOYMENT_TARGET = 11.0;
				LD_RUNPATH_SEARCH_PATHS = "@executable_path/Frameworks";
				MARKETING_VERSION = 1.9;
				PRODUCT_BUNDLE_IDENTIFIER = com.casan.justq.merchant;
				PRODUCT_NAME = "จัดคิว";
				PROVISIONING_PROFILE_SPECIFIER = "";
				SWIFT_OBJC_BRIDGING_HEADER = "$(PROJECT_DIR)/$(PROJECT_NAME)/Bridging-Header.h";
				SWIFT_OPTIMIZATION_LEVEL = "-Onone";
				SWIFT_VERSION = 4.0;
				TARGETED_DEVICE_FAMILY = 1;
				WK_WEB_VIEW_ONLY = 1;
			};
			name = Debug;
		};
		1D6058950D05DD3E006BFB54 /* Release */ = {
			isa = XCBuildConfiguration;
			baseConfigurationReference = 3047A5101AB8059700498E2A /* build-release.xcconfig */;
			buildSettings = {
				ALWAYS_SEARCH_USER_PATHS = NO;
				ASSETCATALOG_COMPILER_APPICON_NAME = AppIcon;
				ASSETCATALOG_COMPILER_LAUNCHIMAGE_NAME = LaunchImage;
				CLANG_ENABLE_MODULES = YES;
				CLANG_ENABLE_OBJC_ARC = YES;
				CODE_SIGN_IDENTITY = "iPhone Distribution";
				CODE_SIGN_STYLE = Manual;
				COPY_PHASE_STRIP = YES;
				CURRENT_PROJECT_VERSION = 1;
				DEVELOPMENT_TEAM = 755MB56WK5;
				FRAMEWORK_SEARCH_PATHS = (
					"$(inherited)",
					"$(PROJECT_DIR)/Carthage/Build/iOS",
					"\"just-q-merchant/Plugins/com.googlemaps.ios\"",
					"\"just-q-merchant/Plugins/com.googlemaps.ios\"",
					"\"just-q-merchant/Plugins/com.googlemaps.ios\"",
				);
				GCC_PRECOMPILE_PREFIX_HEADER = YES;
				GCC_PREFIX_HEADER = "just-q-merchant/just-q-merchant-Prefix.pch";
				GCC_THUMB_SUPPORT = NO;
				GCC_VERSION = "";
				INFOPLIST_FILE = "just-q-merchant/just-q-merchant-Info.plist";
				IPHONEOS_DEPLOYMENT_TARGET = 11.0;
				LD_RUNPATH_SEARCH_PATHS = "@executable_path/Frameworks";
				MARKETING_VERSION = 1.9;
				PRODUCT_BUNDLE_IDENTIFIER = com.casan.justq.merchant;
				PRODUCT_NAME = "จัดคิว";
				PROVISIONING_PROFILE_SPECIFIER = "justq-merchant-prod";
				SWIFT_OBJC_BRIDGING_HEADER = "$(PROJECT_DIR)/$(PROJECT_NAME)/Bridging-Header.h";
				SWIFT_VERSION = 4.0;
				TARGETED_DEVICE_FAMILY = 1;
				WK_WEB_VIEW_ONLY = 1;
			};
			name = Release;
		};
		C01FCF4F08A954540054247B /* Debug */ = {
			isa = XCBuildConfiguration;
			baseConfigurationReference = 3047A5111AB8059700498E2A /* build.xcconfig */;
			buildSettings = {
				ALWAYS_EMBED_SWIFT_STANDARD_LIBRARIES = YES;
				CLANG_ENABLE_MODULES = YES;
				CLANG_ENABLE_OBJC_ARC = YES;
				CLANG_WARN_BLOCK_CAPTURE_AUTORELEASING = YES;
				CLANG_WARN_BOOL_CONVERSION = YES;
				CLANG_WARN_COMMA = YES;
				CLANG_WARN_CONSTANT_CONVERSION = YES;
				CLANG_WARN_DEPRECATED_OBJC_IMPLEMENTATIONS = YES;
				CLANG_WARN_EMPTY_BODY = YES;
				CLANG_WARN_ENUM_CONVERSION = YES;
				CLANG_WARN_INFINITE_RECURSION = YES;
				CLANG_WARN_INT_CONVERSION = YES;
				CLANG_WARN_NON_LITERAL_NULL_CONVERSION = YES;
				CLANG_WARN_OBJC_IMPLICIT_RETAIN_SELF = YES;
				CLANG_WARN_OBJC_LITERAL_CONVERSION = YES;
				CLANG_WARN_RANGE_LOOP_ANALYSIS = YES;
				CLANG_WARN_STRICT_PROTOTYPES = YES;
				CLANG_WARN_SUSPICIOUS_MOVE = YES;
				CLANG_WARN_UNREACHABLE_CODE = YES;
				CLANG_WARN__DUPLICATE_METHOD_MATCH = YES;
				ENABLE_STRICT_OBJC_MSGSEND = YES;
				ENABLE_TESTABILITY = YES;
				GCC_C_LANGUAGE_STANDARD = c99;
				GCC_NO_COMMON_BLOCKS = YES;
				GCC_THUMB_SUPPORT = NO;
				GCC_VERSION = "";
				GCC_WARN_64_TO_32_BIT_CONVERSION = YES;
				GCC_WARN_ABOUT_RETURN_TYPE = YES;
				GCC_WARN_UNDECLARED_SELECTOR = YES;
				GCC_WARN_UNINITIALIZED_AUTOS = YES;
				GCC_WARN_UNUSED_FUNCTION = YES;
				GCC_WARN_UNUSED_VARIABLE = YES;
				IPHONEOS_DEPLOYMENT_TARGET = 11.0;
				ONLY_ACTIVE_ARCH = YES;
				PRODUCT_BUNDLE_IDENTIFIER = com.casan.justq.merchant;
				SDKROOT = iphoneos;
				SKIP_INSTALL = NO;
				SWIFT_OBJC_BRIDGING_HEADER = "$(PROJECT_DIR)/$(PROJECT_NAME)/Bridging-Header.h";
				SWIFT_OPTIMIZATION_LEVEL = "-Onone";
				SWIFT_VERSION = 4.0;
				WK_WEB_VIEW_ONLY = 1;
			};
			name = Debug;
		};
		C01FCF5008A954540054247B /* Release */ = {
			isa = XCBuildConfiguration;
			baseConfigurationReference = 3047A5111AB8059700498E2A /* build.xcconfig */;
			buildSettings = {
				ALWAYS_EMBED_SWIFT_STANDARD_LIBRARIES = YES;
				CLANG_ENABLE_MODULES = YES;
				CLANG_ENABLE_OBJC_ARC = YES;
				CLANG_WARN_BLOCK_CAPTURE_AUTORELEASING = YES;
				CLANG_WARN_BOOL_CONVERSION = YES;
				CLANG_WARN_COMMA = YES;
				CLANG_WARN_CONSTANT_CONVERSION = YES;
				CLANG_WARN_DEPRECATED_OBJC_IMPLEMENTATIONS = YES;
				CLANG_WARN_EMPTY_BODY = YES;
				CLANG_WARN_ENUM_CONVERSION = YES;
				CLANG_WARN_INFINITE_RECURSION = YES;
				CLANG_WARN_INT_CONVERSION = YES;
				CLANG_WARN_NON_LITERAL_NULL_CONVERSION = YES;
				CLANG_WARN_OBJC_IMPLICIT_RETAIN_SELF = YES;
				CLANG_WARN_OBJC_LITERAL_CONVERSION = YES;
				CLANG_WARN_RANGE_LOOP_ANALYSIS = YES;
				CLANG_WARN_STRICT_PROTOTYPES = YES;
				CLANG_WARN_SUSPICIOUS_MOVE = YES;
				CLANG_WARN_UNREACHABLE_CODE = YES;
				CLANG_WARN__DUPLICATE_METHOD_MATCH = YES;
				ENABLE_STRICT_OBJC_MSGSEND = YES;
				GCC_C_LANGUAGE_STANDARD = c99;
				GCC_NO_COMMON_BLOCKS = YES;
				GCC_THUMB_SUPPORT = NO;
				GCC_VERSION = "";
				GCC_WARN_64_TO_32_BIT_CONVERSION = YES;
				GCC_WARN_ABOUT_RETURN_TYPE = YES;
				GCC_WARN_UNDECLARED_SELECTOR = YES;
				GCC_WARN_UNINITIALIZED_AUTOS = YES;
				GCC_WARN_UNUSED_FUNCTION = YES;
				GCC_WARN_UNUSED_VARIABLE = YES;
				IPHONEOS_DEPLOYMENT_TARGET = 11.0;
				PRODUCT_BUNDLE_IDENTIFIER = com.casan.justq.merchant;
				SDKROOT = iphoneos;
				SKIP_INSTALL = NO;
				SWIFT_OBJC_BRIDGING_HEADER = "$(PROJECT_DIR)/$(PROJECT_NAME)/Bridging-Header.h";
				SWIFT_VERSION = 4.0;
				WK_WEB_VIEW_ONLY = 1;
			};
			name = Release;
		};
/* End XCBuildConfiguration section */

/* Begin XCConfigurationList section */
		1D6058960D05DD3E006BFB54 /* Build configuration list for PBXNativeTarget "just-q-merchant" */ = {
			isa = XCConfigurationList;
			buildConfigurations = (
				1D6058940D05DD3E006BFB54 /* Debug */,
				1D6058950D05DD3E006BFB54 /* Release */,
			);
			defaultConfigurationIsVisible = 0;
			defaultConfigurationName = Release;
		};
		C01FCF4E08A954540054247B /* Build configuration list for PBXProject "just-q-merchant" */ = {
			isa = XCConfigurationList;
			buildConfigurations = (
				C01FCF4F08A954540054247B /* Debug */,
				C01FCF5008A954540054247B /* Release */,
			);
			defaultConfigurationIsVisible = 0;
			defaultConfigurationName = Release;
		};
/* End XCConfigurationList section */
	};
	rootObject = 29B97313FDCFA39411CA2CEA /* Project object */;
}
